// !$*UTF8*$!
{
	archiveVersion = 1;
	classes = {
	};
	objectVersion = 52;
	objects = {

/* Begin PBXBuildFile section */
		6F00F6532694C3B7001145CE /* EssentialFeedAPIEndToEndTests.swift in Sources */ = {isa = PBXBuildFile; fileRef = 6F00F6522694C3B7001145CE /* EssentialFeedAPIEndToEndTests.swift */; };
		6F00F6552694C3B7001145CE /* EssentialFeed.framework in Frameworks */ = {isa = PBXBuildFile; fileRef = 6F5A36C82677348700C09FB4 /* EssentialFeed.framework */; };
		6F00F65E2694C89B001145CE /* XCTestCase+MemoryLeakTracking.swift in Sources */ = {isa = PBXBuildFile; fileRef = 6FCCEA52268EC76800475290 /* XCTestCase+MemoryLeakTracking.swift */; };
		6F00F67B2694D5C4001145CE /* URLSessionHTTPClient.swift in Sources */ = {isa = PBXBuildFile; fileRef = 6F00F6742694D5C4001145CE /* URLSessionHTTPClient.swift */; };
		6F00F67C2694D5C4001145CE /* HTTPClient.swift in Sources */ = {isa = PBXBuildFile; fileRef = 6F00F6752694D5C4001145CE /* HTTPClient.swift */; };
		6F00F67D2694D5C4001145CE /* FeedItemsMapper.swift in Sources */ = {isa = PBXBuildFile; fileRef = 6F00F6762694D5C4001145CE /* FeedItemsMapper.swift */; };
		6F00F67E2694D5C4001145CE /* RemoteFeedLoader.swift in Sources */ = {isa = PBXBuildFile; fileRef = 6F00F6772694D5C4001145CE /* RemoteFeedLoader.swift */; };
		6F00F67F2694D5C4001145CE /* FeedLoader.swift in Sources */ = {isa = PBXBuildFile; fileRef = 6F00F6792694D5C4001145CE /* FeedLoader.swift */; };
		6F00F6802694D5C4001145CE /* FeedItem.swift in Sources */ = {isa = PBXBuildFile; fileRef = 6F00F67A2694D5C4001145CE /* FeedItem.swift */; };
		6F444A1626B2C20D001D48D3 /* LocalFeedLoader.swift in Sources */ = {isa = PBXBuildFile; fileRef = 6F444A1526B2C20D001D48D3 /* LocalFeedLoader.swift */; };
		6F444A1E26B2C26C001D48D3 /* FeedStore.swift in Sources */ = {isa = PBXBuildFile; fileRef = 6F444A1D26B2C26C001D48D3 /* FeedStore.swift */; };
		6F444A2326B2D175001D48D3 /* RemoteFeedItem.swift in Sources */ = {isa = PBXBuildFile; fileRef = 6F444A2226B2D175001D48D3 /* RemoteFeedItem.swift */; };
		6F444A2826B2D183001D48D3 /* LocalFeedImage.swift in Sources */ = {isa = PBXBuildFile; fileRef = 6F444A2726B2D183001D48D3 /* LocalFeedImage.swift */; };
		6F444A3026BA71DD001D48D3 /* LoadFeedUseCaseFromCacheTests.swift in Sources */ = {isa = PBXBuildFile; fileRef = 6F444A2F26BA71DD001D48D3 /* LoadFeedUseCaseFromCacheTests.swift */; };
		6F444A3626BA7372001D48D3 /* FeedStoreSpy.swift in Sources */ = {isa = PBXBuildFile; fileRef = 6F444A3526BA7372001D48D3 /* FeedStoreSpy.swift */; };
		6F444A4826BBC7E7001D48D3 /* ValidateFeedCacheUseCaseTests.swift in Sources */ = {isa = PBXBuildFile; fileRef = 6F444A4726BBC7E7001D48D3 /* ValidateFeedCacheUseCaseTests.swift */; };
		6F444A4D26BBDEDF001D48D3 /* FeedCacheTestHelper.swift in Sources */ = {isa = PBXBuildFile; fileRef = 6F444A4C26BBDEDF001D48D3 /* FeedCacheTestHelper.swift */; };
		6F444A5226BBF37F001D48D3 /* SharedTestHelper.swift in Sources */ = {isa = PBXBuildFile; fileRef = 6F444A5126BBF37F001D48D3 /* SharedTestHelper.swift */; };
		6F444A5726BC028E001D48D3 /* FeedCachePolicy.swift in Sources */ = {isa = PBXBuildFile; fileRef = 6F444A5626BC028D001D48D3 /* FeedCachePolicy.swift */; };
		6F5A36D22677348700C09FB4 /* EssentialFeed.framework in Frameworks */ = {isa = PBXBuildFile; fileRef = 6F5A36C82677348700C09FB4 /* EssentialFeed.framework */; };
		6F5A36F526773A0500C09FB4 /* LoadFeedFromRemoteUseCaseTests.swift in Sources */ = {isa = PBXBuildFile; fileRef = 6F5A36F426773A0500C09FB4 /* LoadFeedFromRemoteUseCaseTests.swift */; };
		6F68A63627BA69DD0016F054 /* EssentialFeediOS.framework in Frameworks */ = {isa = PBXBuildFile; fileRef = 6F68A62E27BA69DD0016F054 /* EssentialFeediOS.framework */; };
		6F68A64427BA81090016F054 /* FeedUIIntegrationTests.swift in Sources */ = {isa = PBXBuildFile; fileRef = 6F68A64327BA81090016F054 /* FeedUIIntegrationTests.swift */; };
		6F68A64627BA83860016F054 /* EssentialFeed.framework in Frameworks */ = {isa = PBXBuildFile; fileRef = 6F5A36C82677348700C09FB4 /* EssentialFeed.framework */; platformFilter = ios; };
		6F68A64727BA83860016F054 /* EssentialFeed.framework in Embed Frameworks */ = {isa = PBXBuildFile; fileRef = 6F5A36C82677348700C09FB4 /* EssentialFeed.framework */; settings = {ATTRIBUTES = (CodeSignOnCopy, RemoveHeadersOnCopy, ); }; };
		6F68A64C27BA84780016F054 /* XCTestCase+MemoryLeakTracking.swift in Sources */ = {isa = PBXBuildFile; fileRef = 6F68A64B27BA84780016F054 /* XCTestCase+MemoryLeakTracking.swift */; };
		6F68A64E27BA8E440016F054 /* FeedViewController.swift in Sources */ = {isa = PBXBuildFile; fileRef = 6F68A64D27BA8E440016F054 /* FeedViewController.swift */; };
		6F68A65027BAAB570016F054 /* FeedImageCell.swift in Sources */ = {isa = PBXBuildFile; fileRef = 6F68A64F27BAAB570016F054 /* FeedImageCell.swift */; };
		6F68A65227BB85CE0016F054 /* UIView+Shimmering.swift in Sources */ = {isa = PBXBuildFile; fileRef = 6F68A65127BB85CE0016F054 /* UIView+Shimmering.swift */; };
		6F68A66A27BCD8070016F054 /* UIImage+TestHelpers.swift in Sources */ = {isa = PBXBuildFile; fileRef = 6F68A66927BCD8070016F054 /* UIImage+TestHelpers.swift */; };
		6F68A66C27BCD8710016F054 /* UIRefreshControl+TestHelpers.swift in Sources */ = {isa = PBXBuildFile; fileRef = 6F68A66B27BCD8710016F054 /* UIRefreshControl+TestHelpers.swift */; };
		6F68A66E27BCD8AC0016F054 /* UIButton+TestHelpers.swift in Sources */ = {isa = PBXBuildFile; fileRef = 6F68A66D27BCD8AC0016F054 /* UIButton+TestHelpers.swift */; };
		6F68A67027BCD8F40016F054 /* UIControl+TestHelpers.swift in Sources */ = {isa = PBXBuildFile; fileRef = 6F68A66F27BCD8F40016F054 /* UIControl+TestHelpers.swift */; };
		6F68A67727BCDA310016F054 /* FeedViewController+TestHelpers.swift in Sources */ = {isa = PBXBuildFile; fileRef = 6F68A67627BCDA310016F054 /* FeedViewController+TestHelpers.swift */; };
		6F68A67927BCDA9B0016F054 /* FeedImageCell+TestHelpers.swift in Sources */ = {isa = PBXBuildFile; fileRef = 6F68A67827BCDA9B0016F054 /* FeedImageCell+TestHelpers.swift */; };
		6F68A67B27BCDB2E0016F054 /* FeedViewControllerTests+LoaderSpy.swift in Sources */ = {isa = PBXBuildFile; fileRef = 6F68A67A27BCDB2E0016F054 /* FeedViewControllerTests+LoaderSpy.swift */; };
		6F68A67D27BCDBA30016F054 /* FeedViewControllerTests+Assertions.swift in Sources */ = {isa = PBXBuildFile; fileRef = 6F68A67C27BCDBA30016F054 /* FeedViewControllerTests+Assertions.swift */; };
		6F68A68627BCE47B0016F054 /* FeedImageCellController.swift in Sources */ = {isa = PBXBuildFile; fileRef = 6F68A68527BCE47B0016F054 /* FeedImageCellController.swift */; };
		6F68A68927BCE8E00016F054 /* FeedUIComposer.swift in Sources */ = {isa = PBXBuildFile; fileRef = 6F68A68827BCE8E00016F054 /* FeedUIComposer.swift */; };
		6F73FBC427C4C50000A7C58B /* Feed.storyboard in Resources */ = {isa = PBXBuildFile; fileRef = 6F73FBC327C4C50000A7C58B /* Feed.storyboard */; };
		6F73FBC627C4C50F00A7C58B /* Feed.xcassets in Resources */ = {isa = PBXBuildFile; fileRef = 6F73FBC527C4C50F00A7C58B /* Feed.xcassets */; };
		6F73FBC827C4DE2D00A7C58B /* UITableView+Dequeueing.swift in Sources */ = {isa = PBXBuildFile; fileRef = 6F73FBC727C4DE2D00A7C58B /* UITableView+Dequeueing.swift */; };
		6F73FBCA27C4E0E600A7C58B /* UIImageView+Animations.swift in Sources */ = {isa = PBXBuildFile; fileRef = 6F73FBC927C4E0E600A7C58B /* UIImageView+Animations.swift */; };
		6F73FBD727C78B9200A7C58B /* FeedViewControllerTests+Localization.swift in Sources */ = {isa = PBXBuildFile; fileRef = 6F73FBD627C78B9200A7C58B /* FeedViewControllerTests+Localization.swift */; };
		6F73FBE027C7B0A300A7C58B /* MainQueueDispatchDecorator.swift in Sources */ = {isa = PBXBuildFile; fileRef = 6F73FBDF27C7B0A300A7C58B /* MainQueueDispatchDecorator.swift */; };
		6F73FBE227C7B0E600A7C58B /* WeakRefVirtualProxy.swift in Sources */ = {isa = PBXBuildFile; fileRef = 6F73FBE127C7B0E600A7C58B /* WeakRefVirtualProxy.swift */; };
		6F73FBE427C7B13600A7C58B /* FeedImageDataLoaderPresentationAdapter.swift in Sources */ = {isa = PBXBuildFile; fileRef = 6F73FBE327C7B13600A7C58B /* FeedImageDataLoaderPresentationAdapter.swift */; };
		6F73FBE627C7B21600A7C58B /* FeedLoaderPresentaionAdapter.swift in Sources */ = {isa = PBXBuildFile; fileRef = 6F73FBE527C7B21600A7C58B /* FeedLoaderPresentaionAdapter.swift */; };
		6F73FBE827C7B27700A7C58B /* FeedViewAdapter.swift in Sources */ = {isa = PBXBuildFile; fileRef = 6F73FBE727C7B27700A7C58B /* FeedViewAdapter.swift */; };
		6FBE803626B192A50077FF4B /* CacheFeedUseCaseTests.swift in Sources */ = {isa = PBXBuildFile; fileRef = 6FBE803526B192A50077FF4B /* CacheFeedUseCaseTests.swift */; };
		6FC4E486276A20B700911AC6 /* FeedStoreSpecs.swift in Sources */ = {isa = PBXBuildFile; fileRef = 6FC4E485276A20B700911AC6 /* FeedStoreSpecs.swift */; };
		6FC4E48B276A228E00911AC6 /* XCTestCase+FeedStoreSpecs.swift in Sources */ = {isa = PBXBuildFile; fileRef = 6FC4E48A276A228E00911AC6 /* XCTestCase+FeedStoreSpecs.swift */; };
		6FC4E490276A29E300911AC6 /* XCTestCase+FailableRetrieveFeedStoreSpecs.swift in Sources */ = {isa = PBXBuildFile; fileRef = 6FC4E48F276A29E300911AC6 /* XCTestCase+FailableRetrieveFeedStoreSpecs.swift */; };
		6FC4E495276A2ADF00911AC6 /* XCTestCase+FailableInsertFeedStoreSpecs.swift in Sources */ = {isa = PBXBuildFile; fileRef = 6FC4E494276A2ADF00911AC6 /* XCTestCase+FailableInsertFeedStoreSpecs.swift */; };
		6FC4E49A276A2B8900911AC6 /* XCTestCase+FailableDeleteFeedStoreSpecs.swift in Sources */ = {isa = PBXBuildFile; fileRef = 6FC4E499276A2B8900911AC6 /* XCTestCase+FailableDeleteFeedStoreSpecs.swift */; };
		6FC4E4A4276B1D3800911AC6 /* CoreDataFeedStoreTests.swift in Sources */ = {isa = PBXBuildFile; fileRef = 6FC4E4A3276B1D3800911AC6 /* CoreDataFeedStoreTests.swift */; };
		6FC4E4A9276B1DC200911AC6 /* CoreDataFeedStore.swift in Sources */ = {isa = PBXBuildFile; fileRef = 6FC4E4A8276B1DC200911AC6 /* CoreDataFeedStore.swift */; };
		6FC4E4AF276B20A200911AC6 /* FeedStore.xcdatamodeld in Sources */ = {isa = PBXBuildFile; fileRef = 6FC4E4AD276B20A200911AC6 /* FeedStore.xcdatamodeld */; };
		6FC4E4BA276B485000911AC6 /* CoreDataHelpers.swift in Sources */ = {isa = PBXBuildFile; fileRef = 6FC4E4B9276B485000911AC6 /* CoreDataHelpers.swift */; };
		6FC4E4BF276B48E500911AC6 /* ManagedCache.swift in Sources */ = {isa = PBXBuildFile; fileRef = 6FC4E4BE276B48E500911AC6 /* ManagedCache.swift */; };
		6FC4E4C4276B48F200911AC6 /* ManagedFeedImage.swift in Sources */ = {isa = PBXBuildFile; fileRef = 6FC4E4C3276B48F200911AC6 /* ManagedFeedImage.swift */; };
		6FC4E4CF276C72AD00911AC6 /* EssentialFeedCacheIntegrationTests.swift in Sources */ = {isa = PBXBuildFile; fileRef = 6FC4E4CE276C72AD00911AC6 /* EssentialFeedCacheIntegrationTests.swift */; };
		6FC4E4D1276C72AD00911AC6 /* EssentialFeed.framework in Frameworks */ = {isa = PBXBuildFile; fileRef = 6F5A36C82677348700C09FB4 /* EssentialFeed.framework */; };
		6FC4E4DB276C73C600911AC6 /* XCTestCase+MemoryLeakTracking.swift in Sources */ = {isa = PBXBuildFile; fileRef = 6FCCEA52268EC76800475290 /* XCTestCase+MemoryLeakTracking.swift */; };
		6FC4E4E0276C73CB00911AC6 /* SharedTestHelper.swift in Sources */ = {isa = PBXBuildFile; fileRef = 6F444A5126BBF37F001D48D3 /* SharedTestHelper.swift */; };
		6FC4E4E5276C75E400911AC6 /* FeedCacheTestHelper.swift in Sources */ = {isa = PBXBuildFile; fileRef = 6F444A4C26BBDEDF001D48D3 /* FeedCacheTestHelper.swift */; };
		6FCCEA53268EC76800475290 /* XCTestCase+MemoryLeakTracking.swift in Sources */ = {isa = PBXBuildFile; fileRef = 6FCCEA52268EC76800475290 /* XCTestCase+MemoryLeakTracking.swift */; };
		6FE1F38E268D794700898E7D /* URLSessionHTTPClientTests.swift in Sources */ = {isa = PBXBuildFile; fileRef = 6FE1F38D268D794700898E7D /* URLSessionHTTPClientTests.swift */; };
		6FEF9AAC27EC5F3E004603FC /* FeedPresenterTests.swift in Sources */ = {isa = PBXBuildFile; fileRef = 6FEF9AAB27EC5F3E004603FC /* FeedPresenterTests.swift */; };
		6FEF9AAE27EC67E6004603FC /* ErrorView.swift in Sources */ = {isa = PBXBuildFile; fileRef = 6FEF9AAD27EC67E6004603FC /* ErrorView.swift */; };
		6FEF9AB327EC6C29004603FC /* UIRefreshControl+Helpers.swift in Sources */ = {isa = PBXBuildFile; fileRef = 6FEF9AB227EC6C29004603FC /* UIRefreshControl+Helpers.swift */; };
		6FEF9ABC27EC7A68004603FC /* FeedPresenter.swift in Sources */ = {isa = PBXBuildFile; fileRef = 6FEF9ABB27EC7A68004603FC /* FeedPresenter.swift */; };
		6FEF9ABD27EC7B37004603FC /* Feed.strings in Resources */ = {isa = PBXBuildFile; fileRef = 6FEF9AB827EC74D1004603FC /* Feed.strings */; };
		6FEF9ABF27EC9600004603FC /* FeedViewModel.swift in Sources */ = {isa = PBXBuildFile; fileRef = 6FEF9ABE27EC9600004603FC /* FeedViewModel.swift */; };
		6FEF9AC127EC9687004603FC /* FeedLoadingViewModel.swift in Sources */ = {isa = PBXBuildFile; fileRef = 6FEF9AC027EC9687004603FC /* FeedLoadingViewModel.swift */; };
		6FEF9AC327EC96B8004603FC /* FeedErrorViewModel.swift in Sources */ = {isa = PBXBuildFile; fileRef = 6FEF9AC227EC96B8004603FC /* FeedErrorViewModel.swift */; };
		6FEF9AC427EC97D4004603FC /* FeedLocalizationTests.swift in Sources */ = {isa = PBXBuildFile; fileRef = 6F73FBDD27C78DB100A7C58B /* FeedLocalizationTests.swift */; };
		6FEF9AC627EC98C7004603FC /* FeedImagePresenterTests.swift in Sources */ = {isa = PBXBuildFile; fileRef = 6FEF9AC527EC98C7004603FC /* FeedImagePresenterTests.swift */; };
		6FEF9AC827ECA2E3004603FC /* FeedImagePresenter.swift in Sources */ = {isa = PBXBuildFile; fileRef = 6FEF9AC727ECA2E3004603FC /* FeedImagePresenter.swift */; };
		6FEF9ACA27ECA356004603FC /* FeedImageViewModel.swift in Sources */ = {isa = PBXBuildFile; fileRef = 6FEF9AC927ECA356004603FC /* FeedImageViewModel.swift */; };
		E51C620C280948C500601D26 /* LocalFeedImageDataFromCacheUseCaseTests.swift in Sources */ = {isa = PBXBuildFile; fileRef = E51C620B280948C500601D26 /* LocalFeedImageDataFromCacheUseCaseTests.swift */; };
		E51C620E2809536500601D26 /* FeedImageDataStore.swift in Sources */ = {isa = PBXBuildFile; fileRef = E51C620D2809536500601D26 /* FeedImageDataStore.swift */; };
		E51C62102809537B00601D26 /* LocalFeedImageDataLoader.swift in Sources */ = {isa = PBXBuildFile; fileRef = E51C620F2809537B00601D26 /* LocalFeedImageDataLoader.swift */; };
		E51C62122809677200601D26 /* FeedImageDataStoreSpy.swift in Sources */ = {isa = PBXBuildFile; fileRef = E51C62112809677200601D26 /* FeedImageDataStoreSpy.swift */; };
		F85D972027F72ACC00745478 /* FeedImageDataLoader.swift in Sources */ = {isa = PBXBuildFile; fileRef = 6F68A68127BCDCEF0016F054 /* FeedImageDataLoader.swift */; };
		F85D972227F72B2300745478 /* LoadFeedImageDataFromRemoteUseCaseTests.swift in Sources */ = {isa = PBXBuildFile; fileRef = F85D972127F72B2300745478 /* LoadFeedImageDataFromRemoteUseCaseTests.swift */; };
		F85D972527F74FAF00745478 /* HTTPClientSpy.swift in Sources */ = {isa = PBXBuildFile; fileRef = F85D972427F74FAF00745478 /* HTTPClientSpy.swift */; };
		F85D972727F8431600745478 /* RemoteFeedImageDataLoader.swift in Sources */ = {isa = PBXBuildFile; fileRef = F85D972627F8431600745478 /* RemoteFeedImageDataLoader.swift */; };
		F85D972A27F8481700745478 /* HTTPURLResponse+StatusCode.swift in Sources */ = {isa = PBXBuildFile; fileRef = F85D972927F8481700745478 /* HTTPURLResponse+StatusCode.swift */; };
		F85D972C27F84AAB00745478 /* URLProtocolStub.swift in Sources */ = {isa = PBXBuildFile; fileRef = F85D972B27F84AAB00745478 /* URLProtocolStub.swift */; };
/* End PBXBuildFile section */

/* Begin PBXContainerItemProxy section */
		6F00F6562694C3B7001145CE /* PBXContainerItemProxy */ = {
			isa = PBXContainerItemProxy;
			containerPortal = 6F5A36BF2677348700C09FB4 /* Project object */;
			proxyType = 1;
			remoteGlobalIDString = 6F5A36C72677348700C09FB4;
			remoteInfo = EssentialFeed;
		};
		6F5A36D32677348700C09FB4 /* PBXContainerItemProxy */ = {
			isa = PBXContainerItemProxy;
			containerPortal = 6F5A36BF2677348700C09FB4 /* Project object */;
			proxyType = 1;
			remoteGlobalIDString = 6F5A36C72677348700C09FB4;
			remoteInfo = EssentialFeed;
		};
		6F68A63727BA69DD0016F054 /* PBXContainerItemProxy */ = {
			isa = PBXContainerItemProxy;
			containerPortal = 6F5A36BF2677348700C09FB4 /* Project object */;
			proxyType = 1;
			remoteGlobalIDString = 6F68A62D27BA69DD0016F054;
			remoteInfo = EssentialFeediOS;
		};
		6F68A64827BA83860016F054 /* PBXContainerItemProxy */ = {
			isa = PBXContainerItemProxy;
			containerPortal = 6F5A36BF2677348700C09FB4 /* Project object */;
			proxyType = 1;
			remoteGlobalIDString = 6F5A36C72677348700C09FB4;
			remoteInfo = EssentialFeed;
		};
		6FC4E4D2276C72AD00911AC6 /* PBXContainerItemProxy */ = {
			isa = PBXContainerItemProxy;
			containerPortal = 6F5A36BF2677348700C09FB4 /* Project object */;
			proxyType = 1;
			remoteGlobalIDString = 6F5A36C72677348700C09FB4;
			remoteInfo = EssentialFeed;
		};
/* End PBXContainerItemProxy section */

/* Begin PBXCopyFilesBuildPhase section */
		6F68A64A27BA83860016F054 /* Embed Frameworks */ = {
			isa = PBXCopyFilesBuildPhase;
			buildActionMask = 2147483647;
			dstPath = "";
			dstSubfolderSpec = 10;
			files = (
				6F68A64727BA83860016F054 /* EssentialFeed.framework in Embed Frameworks */,
			);
			name = "Embed Frameworks";
			runOnlyForDeploymentPostprocessing = 0;
		};
/* End PBXCopyFilesBuildPhase section */

/* Begin PBXFileReference section */
		6F00F6502694C3B7001145CE /* EssentialFeedAPIEndToEndTests.xctest */ = {isa = PBXFileReference; explicitFileType = wrapper.cfbundle; includeInIndex = 0; path = EssentialFeedAPIEndToEndTests.xctest; sourceTree = BUILT_PRODUCTS_DIR; };
		6F00F6522694C3B7001145CE /* EssentialFeedAPIEndToEndTests.swift */ = {isa = PBXFileReference; lastKnownFileType = sourcecode.swift; path = EssentialFeedAPIEndToEndTests.swift; sourceTree = "<group>"; };
		6F00F6542694C3B7001145CE /* Info.plist */ = {isa = PBXFileReference; lastKnownFileType = text.plist.xml; path = Info.plist; sourceTree = "<group>"; };
		6F00F6742694D5C4001145CE /* URLSessionHTTPClient.swift */ = {isa = PBXFileReference; fileEncoding = 4; lastKnownFileType = sourcecode.swift; path = URLSessionHTTPClient.swift; sourceTree = "<group>"; };
		6F00F6752694D5C4001145CE /* HTTPClient.swift */ = {isa = PBXFileReference; fileEncoding = 4; lastKnownFileType = sourcecode.swift; path = HTTPClient.swift; sourceTree = "<group>"; };
		6F00F6762694D5C4001145CE /* FeedItemsMapper.swift */ = {isa = PBXFileReference; fileEncoding = 4; lastKnownFileType = sourcecode.swift; path = FeedItemsMapper.swift; sourceTree = "<group>"; };
		6F00F6772694D5C4001145CE /* RemoteFeedLoader.swift */ = {isa = PBXFileReference; fileEncoding = 4; lastKnownFileType = sourcecode.swift; path = RemoteFeedLoader.swift; sourceTree = "<group>"; };
		6F00F6792694D5C4001145CE /* FeedLoader.swift */ = {isa = PBXFileReference; fileEncoding = 4; lastKnownFileType = sourcecode.swift; path = FeedLoader.swift; sourceTree = "<group>"; };
		6F00F67A2694D5C4001145CE /* FeedItem.swift */ = {isa = PBXFileReference; fileEncoding = 4; lastKnownFileType = sourcecode.swift; path = FeedItem.swift; sourceTree = "<group>"; };
		6F444A1526B2C20D001D48D3 /* LocalFeedLoader.swift */ = {isa = PBXFileReference; lastKnownFileType = sourcecode.swift; path = LocalFeedLoader.swift; sourceTree = "<group>"; };
		6F444A1D26B2C26C001D48D3 /* FeedStore.swift */ = {isa = PBXFileReference; lastKnownFileType = sourcecode.swift; path = FeedStore.swift; sourceTree = "<group>"; };
		6F444A2226B2D175001D48D3 /* RemoteFeedItem.swift */ = {isa = PBXFileReference; lastKnownFileType = sourcecode.swift; path = RemoteFeedItem.swift; sourceTree = "<group>"; };
		6F444A2726B2D183001D48D3 /* LocalFeedImage.swift */ = {isa = PBXFileReference; lastKnownFileType = sourcecode.swift; path = LocalFeedImage.swift; sourceTree = "<group>"; };
		6F444A2F26BA71DD001D48D3 /* LoadFeedUseCaseFromCacheTests.swift */ = {isa = PBXFileReference; lastKnownFileType = sourcecode.swift; path = LoadFeedUseCaseFromCacheTests.swift; sourceTree = "<group>"; };
		6F444A3526BA7372001D48D3 /* FeedStoreSpy.swift */ = {isa = PBXFileReference; lastKnownFileType = sourcecode.swift; path = FeedStoreSpy.swift; sourceTree = "<group>"; };
		6F444A4726BBC7E7001D48D3 /* ValidateFeedCacheUseCaseTests.swift */ = {isa = PBXFileReference; lastKnownFileType = sourcecode.swift; path = ValidateFeedCacheUseCaseTests.swift; sourceTree = "<group>"; };
		6F444A4C26BBDEDF001D48D3 /* FeedCacheTestHelper.swift */ = {isa = PBXFileReference; lastKnownFileType = sourcecode.swift; path = FeedCacheTestHelper.swift; sourceTree = "<group>"; };
		6F444A5126BBF37F001D48D3 /* SharedTestHelper.swift */ = {isa = PBXFileReference; lastKnownFileType = sourcecode.swift; path = SharedTestHelper.swift; sourceTree = "<group>"; };
		6F444A5626BC028D001D48D3 /* FeedCachePolicy.swift */ = {isa = PBXFileReference; lastKnownFileType = sourcecode.swift; path = FeedCachePolicy.swift; sourceTree = "<group>"; };
		6F5A36C82677348700C09FB4 /* EssentialFeed.framework */ = {isa = PBXFileReference; explicitFileType = wrapper.framework; includeInIndex = 0; path = EssentialFeed.framework; sourceTree = BUILT_PRODUCTS_DIR; };
		6F5A36D12677348700C09FB4 /* EssentialFeedTests.xctest */ = {isa = PBXFileReference; explicitFileType = wrapper.cfbundle; includeInIndex = 0; path = EssentialFeedTests.xctest; sourceTree = BUILT_PRODUCTS_DIR; };
		6F5A36D82677348700C09FB4 /* Info.plist */ = {isa = PBXFileReference; lastKnownFileType = text.plist.xml; path = Info.plist; sourceTree = "<group>"; };
		6F5A36F426773A0500C09FB4 /* LoadFeedFromRemoteUseCaseTests.swift */ = {isa = PBXFileReference; lastKnownFileType = sourcecode.swift; path = LoadFeedFromRemoteUseCaseTests.swift; sourceTree = "<group>"; };
		6F68A62E27BA69DD0016F054 /* EssentialFeediOS.framework */ = {isa = PBXFileReference; explicitFileType = wrapper.framework; includeInIndex = 0; path = EssentialFeediOS.framework; sourceTree = BUILT_PRODUCTS_DIR; };
		6F68A63527BA69DD0016F054 /* EssentialFeediOSTests.xctest */ = {isa = PBXFileReference; explicitFileType = wrapper.cfbundle; includeInIndex = 0; path = EssentialFeediOSTests.xctest; sourceTree = BUILT_PRODUCTS_DIR; };
		6F68A64327BA81090016F054 /* FeedUIIntegrationTests.swift */ = {isa = PBXFileReference; lastKnownFileType = sourcecode.swift; path = FeedUIIntegrationTests.swift; sourceTree = "<group>"; };
		6F68A64B27BA84780016F054 /* XCTestCase+MemoryLeakTracking.swift */ = {isa = PBXFileReference; lastKnownFileType = sourcecode.swift; path = "XCTestCase+MemoryLeakTracking.swift"; sourceTree = "<group>"; };
		6F68A64D27BA8E440016F054 /* FeedViewController.swift */ = {isa = PBXFileReference; lastKnownFileType = sourcecode.swift; path = FeedViewController.swift; sourceTree = "<group>"; };
		6F68A64F27BAAB570016F054 /* FeedImageCell.swift */ = {isa = PBXFileReference; lastKnownFileType = sourcecode.swift; path = FeedImageCell.swift; sourceTree = "<group>"; };
		6F68A65127BB85CE0016F054 /* UIView+Shimmering.swift */ = {isa = PBXFileReference; lastKnownFileType = sourcecode.swift; path = "UIView+Shimmering.swift"; sourceTree = "<group>"; };
		6F68A66927BCD8070016F054 /* UIImage+TestHelpers.swift */ = {isa = PBXFileReference; lastKnownFileType = sourcecode.swift; path = "UIImage+TestHelpers.swift"; sourceTree = "<group>"; };
		6F68A66B27BCD8710016F054 /* UIRefreshControl+TestHelpers.swift */ = {isa = PBXFileReference; lastKnownFileType = sourcecode.swift; path = "UIRefreshControl+TestHelpers.swift"; sourceTree = "<group>"; };
		6F68A66D27BCD8AC0016F054 /* UIButton+TestHelpers.swift */ = {isa = PBXFileReference; lastKnownFileType = sourcecode.swift; path = "UIButton+TestHelpers.swift"; sourceTree = "<group>"; };
		6F68A66F27BCD8F40016F054 /* UIControl+TestHelpers.swift */ = {isa = PBXFileReference; lastKnownFileType = sourcecode.swift; path = "UIControl+TestHelpers.swift"; sourceTree = "<group>"; };
		6F68A67627BCDA310016F054 /* FeedViewController+TestHelpers.swift */ = {isa = PBXFileReference; lastKnownFileType = sourcecode.swift; path = "FeedViewController+TestHelpers.swift"; sourceTree = "<group>"; };
		6F68A67827BCDA9B0016F054 /* FeedImageCell+TestHelpers.swift */ = {isa = PBXFileReference; lastKnownFileType = sourcecode.swift; path = "FeedImageCell+TestHelpers.swift"; sourceTree = "<group>"; };
		6F68A67A27BCDB2E0016F054 /* FeedViewControllerTests+LoaderSpy.swift */ = {isa = PBXFileReference; lastKnownFileType = sourcecode.swift; path = "FeedViewControllerTests+LoaderSpy.swift"; sourceTree = "<group>"; };
		6F68A67C27BCDBA30016F054 /* FeedViewControllerTests+Assertions.swift */ = {isa = PBXFileReference; lastKnownFileType = sourcecode.swift; path = "FeedViewControllerTests+Assertions.swift"; sourceTree = "<group>"; };
		6F68A68127BCDCEF0016F054 /* FeedImageDataLoader.swift */ = {isa = PBXFileReference; lastKnownFileType = sourcecode.swift; path = FeedImageDataLoader.swift; sourceTree = "<group>"; };
		6F68A68527BCE47B0016F054 /* FeedImageCellController.swift */ = {isa = PBXFileReference; lastKnownFileType = sourcecode.swift; path = FeedImageCellController.swift; sourceTree = "<group>"; };
		6F68A68827BCE8E00016F054 /* FeedUIComposer.swift */ = {isa = PBXFileReference; lastKnownFileType = sourcecode.swift; path = FeedUIComposer.swift; sourceTree = "<group>"; };
		6F73FBC327C4C50000A7C58B /* Feed.storyboard */ = {isa = PBXFileReference; lastKnownFileType = file.storyboard; path = Feed.storyboard; sourceTree = "<group>"; };
		6F73FBC527C4C50F00A7C58B /* Feed.xcassets */ = {isa = PBXFileReference; lastKnownFileType = folder.assetcatalog; path = Feed.xcassets; sourceTree = "<group>"; };
		6F73FBC727C4DE2D00A7C58B /* UITableView+Dequeueing.swift */ = {isa = PBXFileReference; lastKnownFileType = sourcecode.swift; path = "UITableView+Dequeueing.swift"; sourceTree = "<group>"; };
		6F73FBC927C4E0E600A7C58B /* UIImageView+Animations.swift */ = {isa = PBXFileReference; lastKnownFileType = sourcecode.swift; path = "UIImageView+Animations.swift"; sourceTree = "<group>"; };
		6F73FBD627C78B9200A7C58B /* FeedViewControllerTests+Localization.swift */ = {isa = PBXFileReference; lastKnownFileType = sourcecode.swift; path = "FeedViewControllerTests+Localization.swift"; sourceTree = "<group>"; };
		6F73FBDD27C78DB100A7C58B /* FeedLocalizationTests.swift */ = {isa = PBXFileReference; lastKnownFileType = sourcecode.swift; path = FeedLocalizationTests.swift; sourceTree = "<group>"; };
		6F73FBDF27C7B0A300A7C58B /* MainQueueDispatchDecorator.swift */ = {isa = PBXFileReference; lastKnownFileType = sourcecode.swift; path = MainQueueDispatchDecorator.swift; sourceTree = "<group>"; };
		6F73FBE127C7B0E600A7C58B /* WeakRefVirtualProxy.swift */ = {isa = PBXFileReference; lastKnownFileType = sourcecode.swift; path = WeakRefVirtualProxy.swift; sourceTree = "<group>"; };
		6F73FBE327C7B13600A7C58B /* FeedImageDataLoaderPresentationAdapter.swift */ = {isa = PBXFileReference; lastKnownFileType = sourcecode.swift; path = FeedImageDataLoaderPresentationAdapter.swift; sourceTree = "<group>"; };
		6F73FBE527C7B21600A7C58B /* FeedLoaderPresentaionAdapter.swift */ = {isa = PBXFileReference; lastKnownFileType = sourcecode.swift; path = FeedLoaderPresentaionAdapter.swift; sourceTree = "<group>"; };
		6F73FBE727C7B27700A7C58B /* FeedViewAdapter.swift */ = {isa = PBXFileReference; lastKnownFileType = sourcecode.swift; path = FeedViewAdapter.swift; sourceTree = "<group>"; };
		6FBE803526B192A50077FF4B /* CacheFeedUseCaseTests.swift */ = {isa = PBXFileReference; lastKnownFileType = sourcecode.swift; path = CacheFeedUseCaseTests.swift; sourceTree = "<group>"; };
		6FC4E485276A20B700911AC6 /* FeedStoreSpecs.swift */ = {isa = PBXFileReference; lastKnownFileType = sourcecode.swift; path = FeedStoreSpecs.swift; sourceTree = "<group>"; };
		6FC4E48A276A228E00911AC6 /* XCTestCase+FeedStoreSpecs.swift */ = {isa = PBXFileReference; lastKnownFileType = sourcecode.swift; path = "XCTestCase+FeedStoreSpecs.swift"; sourceTree = "<group>"; };
		6FC4E48F276A29E300911AC6 /* XCTestCase+FailableRetrieveFeedStoreSpecs.swift */ = {isa = PBXFileReference; lastKnownFileType = sourcecode.swift; path = "XCTestCase+FailableRetrieveFeedStoreSpecs.swift"; sourceTree = "<group>"; };
		6FC4E494276A2ADF00911AC6 /* XCTestCase+FailableInsertFeedStoreSpecs.swift */ = {isa = PBXFileReference; lastKnownFileType = sourcecode.swift; path = "XCTestCase+FailableInsertFeedStoreSpecs.swift"; sourceTree = "<group>"; };
		6FC4E499276A2B8900911AC6 /* XCTestCase+FailableDeleteFeedStoreSpecs.swift */ = {isa = PBXFileReference; lastKnownFileType = sourcecode.swift; path = "XCTestCase+FailableDeleteFeedStoreSpecs.swift"; sourceTree = "<group>"; };
		6FC4E4A3276B1D3800911AC6 /* CoreDataFeedStoreTests.swift */ = {isa = PBXFileReference; lastKnownFileType = sourcecode.swift; path = CoreDataFeedStoreTests.swift; sourceTree = "<group>"; };
		6FC4E4A8276B1DC200911AC6 /* CoreDataFeedStore.swift */ = {isa = PBXFileReference; lastKnownFileType = sourcecode.swift; path = CoreDataFeedStore.swift; sourceTree = "<group>"; };
		6FC4E4AE276B20A200911AC6 /* FeedStore.xcdatamodel */ = {isa = PBXFileReference; lastKnownFileType = wrapper.xcdatamodel; path = FeedStore.xcdatamodel; sourceTree = "<group>"; };
		6FC4E4B9276B485000911AC6 /* CoreDataHelpers.swift */ = {isa = PBXFileReference; lastKnownFileType = sourcecode.swift; path = CoreDataHelpers.swift; sourceTree = "<group>"; };
		6FC4E4BE276B48E500911AC6 /* ManagedCache.swift */ = {isa = PBXFileReference; lastKnownFileType = sourcecode.swift; path = ManagedCache.swift; sourceTree = "<group>"; };
		6FC4E4C3276B48F200911AC6 /* ManagedFeedImage.swift */ = {isa = PBXFileReference; lastKnownFileType = sourcecode.swift; path = ManagedFeedImage.swift; sourceTree = "<group>"; };
		6FC4E4CC276C72AD00911AC6 /* EssentialFeedCacheIntegrationTests.xctest */ = {isa = PBXFileReference; explicitFileType = wrapper.cfbundle; includeInIndex = 0; path = EssentialFeedCacheIntegrationTests.xctest; sourceTree = BUILT_PRODUCTS_DIR; };
		6FC4E4CE276C72AD00911AC6 /* EssentialFeedCacheIntegrationTests.swift */ = {isa = PBXFileReference; lastKnownFileType = sourcecode.swift; path = EssentialFeedCacheIntegrationTests.swift; sourceTree = "<group>"; };
		6FC4E4D0276C72AD00911AC6 /* Info.plist */ = {isa = PBXFileReference; lastKnownFileType = text.plist.xml; path = Info.plist; sourceTree = "<group>"; };
		6FCCEA52268EC76800475290 /* XCTestCase+MemoryLeakTracking.swift */ = {isa = PBXFileReference; lastKnownFileType = sourcecode.swift; path = "XCTestCase+MemoryLeakTracking.swift"; sourceTree = "<group>"; };
		6FE1F38D268D794700898E7D /* URLSessionHTTPClientTests.swift */ = {isa = PBXFileReference; lastKnownFileType = sourcecode.swift; path = URLSessionHTTPClientTests.swift; sourceTree = "<group>"; };
		6FEF9AAB27EC5F3E004603FC /* FeedPresenterTests.swift */ = {isa = PBXFileReference; lastKnownFileType = sourcecode.swift; path = FeedPresenterTests.swift; sourceTree = "<group>"; };
		6FEF9AAD27EC67E6004603FC /* ErrorView.swift */ = {isa = PBXFileReference; lastKnownFileType = sourcecode.swift; path = ErrorView.swift; sourceTree = "<group>"; };
		6FEF9AB227EC6C29004603FC /* UIRefreshControl+Helpers.swift */ = {isa = PBXFileReference; lastKnownFileType = sourcecode.swift; path = "UIRefreshControl+Helpers.swift"; sourceTree = "<group>"; };
		6FEF9AB727EC74D1004603FC /* en */ = {isa = PBXFileReference; lastKnownFileType = text.plist.strings; name = en; path = en.lproj/Feed.strings; sourceTree = "<group>"; };
		6FEF9AB927EC74D6004603FC /* ru */ = {isa = PBXFileReference; lastKnownFileType = text.plist.strings; name = ru; path = ru.lproj/Feed.strings; sourceTree = "<group>"; };
		6FEF9ABB27EC7A68004603FC /* FeedPresenter.swift */ = {isa = PBXFileReference; lastKnownFileType = sourcecode.swift; path = FeedPresenter.swift; sourceTree = "<group>"; };
		6FEF9ABE27EC9600004603FC /* FeedViewModel.swift */ = {isa = PBXFileReference; lastKnownFileType = sourcecode.swift; path = FeedViewModel.swift; sourceTree = "<group>"; };
		6FEF9AC027EC9687004603FC /* FeedLoadingViewModel.swift */ = {isa = PBXFileReference; lastKnownFileType = sourcecode.swift; path = FeedLoadingViewModel.swift; sourceTree = "<group>"; };
		6FEF9AC227EC96B8004603FC /* FeedErrorViewModel.swift */ = {isa = PBXFileReference; lastKnownFileType = sourcecode.swift; path = FeedErrorViewModel.swift; sourceTree = "<group>"; };
		6FEF9AC527EC98C7004603FC /* FeedImagePresenterTests.swift */ = {isa = PBXFileReference; lastKnownFileType = sourcecode.swift; path = FeedImagePresenterTests.swift; sourceTree = "<group>"; };
		6FEF9AC727ECA2E3004603FC /* FeedImagePresenter.swift */ = {isa = PBXFileReference; lastKnownFileType = sourcecode.swift; path = FeedImagePresenter.swift; sourceTree = "<group>"; };
		6FEF9AC927ECA356004603FC /* FeedImageViewModel.swift */ = {isa = PBXFileReference; lastKnownFileType = sourcecode.swift; path = FeedImageViewModel.swift; sourceTree = "<group>"; };
		E51C620B280948C500601D26 /* LocalFeedImageDataFromCacheUseCaseTests.swift */ = {isa = PBXFileReference; lastKnownFileType = sourcecode.swift; path = LocalFeedImageDataFromCacheUseCaseTests.swift; sourceTree = "<group>"; };
		E51C620D2809536500601D26 /* FeedImageDataStore.swift */ = {isa = PBXFileReference; lastKnownFileType = sourcecode.swift; path = FeedImageDataStore.swift; sourceTree = "<group>"; };
		E51C620F2809537B00601D26 /* LocalFeedImageDataLoader.swift */ = {isa = PBXFileReference; lastKnownFileType = sourcecode.swift; path = LocalFeedImageDataLoader.swift; sourceTree = "<group>"; };
		E51C62112809677200601D26 /* FeedImageDataStoreSpy.swift */ = {isa = PBXFileReference; lastKnownFileType = sourcecode.swift; path = FeedImageDataStoreSpy.swift; sourceTree = "<group>"; };
		F85D972127F72B2300745478 /* LoadFeedImageDataFromRemoteUseCaseTests.swift */ = {isa = PBXFileReference; lastKnownFileType = sourcecode.swift; path = LoadFeedImageDataFromRemoteUseCaseTests.swift; sourceTree = "<group>"; };
		F85D972427F74FAF00745478 /* HTTPClientSpy.swift */ = {isa = PBXFileReference; lastKnownFileType = sourcecode.swift; path = HTTPClientSpy.swift; sourceTree = "<group>"; };
		F85D972627F8431600745478 /* RemoteFeedImageDataLoader.swift */ = {isa = PBXFileReference; lastKnownFileType = sourcecode.swift; path = RemoteFeedImageDataLoader.swift; sourceTree = "<group>"; };
		F85D972927F8481700745478 /* HTTPURLResponse+StatusCode.swift */ = {isa = PBXFileReference; lastKnownFileType = sourcecode.swift; path = "HTTPURLResponse+StatusCode.swift"; sourceTree = "<group>"; };
		F85D972B27F84AAB00745478 /* URLProtocolStub.swift */ = {isa = PBXFileReference; lastKnownFileType = sourcecode.swift; path = URLProtocolStub.swift; sourceTree = "<group>"; };
/* End PBXFileReference section */

/* Begin PBXFrameworksBuildPhase section */
		6F00F64D2694C3B7001145CE /* Frameworks */ = {
			isa = PBXFrameworksBuildPhase;
			buildActionMask = 2147483647;
			files = (
				6F00F6552694C3B7001145CE /* EssentialFeed.framework in Frameworks */,
			);
			runOnlyForDeploymentPostprocessing = 0;
		};
		6F5A36C52677348700C09FB4 /* Frameworks */ = {
			isa = PBXFrameworksBuildPhase;
			buildActionMask = 2147483647;
			files = (
			);
			runOnlyForDeploymentPostprocessing = 0;
		};
		6F5A36CE2677348700C09FB4 /* Frameworks */ = {
			isa = PBXFrameworksBuildPhase;
			buildActionMask = 2147483647;
			files = (
				6F5A36D22677348700C09FB4 /* EssentialFeed.framework in Frameworks */,
			);
			runOnlyForDeploymentPostprocessing = 0;
		};
		6F68A62B27BA69DD0016F054 /* Frameworks */ = {
			isa = PBXFrameworksBuildPhase;
			buildActionMask = 2147483647;
			files = (
				6F68A64627BA83860016F054 /* EssentialFeed.framework in Frameworks */,
			);
			runOnlyForDeploymentPostprocessing = 0;
		};
		6F68A63227BA69DD0016F054 /* Frameworks */ = {
			isa = PBXFrameworksBuildPhase;
			buildActionMask = 2147483647;
			files = (
				6F68A63627BA69DD0016F054 /* EssentialFeediOS.framework in Frameworks */,
			);
			runOnlyForDeploymentPostprocessing = 0;
		};
		6FC4E4C9276C72AD00911AC6 /* Frameworks */ = {
			isa = PBXFrameworksBuildPhase;
			buildActionMask = 2147483647;
			files = (
				6FC4E4D1276C72AD00911AC6 /* EssentialFeed.framework in Frameworks */,
			);
			runOnlyForDeploymentPostprocessing = 0;
		};
/* End PBXFrameworksBuildPhase section */

/* Begin PBXGroup section */
		6F00F6512694C3B7001145CE /* EssentialFeedAPIEndToEndTests */ = {
			isa = PBXGroup;
			children = (
				6F00F6522694C3B7001145CE /* EssentialFeedAPIEndToEndTests.swift */,
				6F00F6542694C3B7001145CE /* Info.plist */,
			);
			path = EssentialFeedAPIEndToEndTests;
			sourceTree = "<group>";
		};
		6F00F6722694D5C4001145CE /* EssentialFeed */ = {
			isa = PBXGroup;
			children = (
				6F444A1426B2C1FB001D48D3 /* FeedCache */,
				6F00F6732694D5C4001145CE /* FeedApi */,
				6F00F6782694D5C4001145CE /* Feed Feature */,
				6FEF9ABA27EC7A53004603FC /* Feed Presentation */,
			);
			path = EssentialFeed;
			sourceTree = "<group>";
		};
		6F00F6732694D5C4001145CE /* FeedApi */ = {
			isa = PBXGroup;
			children = (
				F85D972827F8481100745478 /* Helpers */,
				6F00F6742694D5C4001145CE /* URLSessionHTTPClient.swift */,
				6F00F6752694D5C4001145CE /* HTTPClient.swift */,
				6F00F6762694D5C4001145CE /* FeedItemsMapper.swift */,
				6F00F6772694D5C4001145CE /* RemoteFeedLoader.swift */,
				6F444A2226B2D175001D48D3 /* RemoteFeedItem.swift */,
				F85D972627F8431600745478 /* RemoteFeedImageDataLoader.swift */,
			);
			path = FeedApi;
			sourceTree = "<group>";
		};
		6F00F6782694D5C4001145CE /* Feed Feature */ = {
			isa = PBXGroup;
			children = (
				6F00F6792694D5C4001145CE /* FeedLoader.swift */,
				6F00F67A2694D5C4001145CE /* FeedItem.swift */,
				6F68A68127BCDCEF0016F054 /* FeedImageDataLoader.swift */,
			);
			path = "Feed Feature";
			sourceTree = "<group>";
		};
		6F444A1426B2C1FB001D48D3 /* FeedCache */ = {
			isa = PBXGroup;
			children = (
				6FC4E4B3276B47B600911AC6 /* Infrastructure */,
				6F444A1526B2C20D001D48D3 /* LocalFeedLoader.swift */,
				6F444A1D26B2C26C001D48D3 /* FeedStore.swift */,
				6F444A2726B2D183001D48D3 /* LocalFeedImage.swift */,
				6F444A5626BC028D001D48D3 /* FeedCachePolicy.swift */,
				E51C620D2809536500601D26 /* FeedImageDataStore.swift */,
				E51C620F2809537B00601D26 /* LocalFeedImageDataLoader.swift */,
			);
			path = FeedCache;
			sourceTree = "<group>";
		};
		6F444A3426BA7365001D48D3 /* Helpers */ = {
			isa = PBXGroup;
			children = (
				6F444A3526BA7372001D48D3 /* FeedStoreSpy.swift */,
				6F444A4C26BBDEDF001D48D3 /* FeedCacheTestHelper.swift */,
				E51C62112809677200601D26 /* FeedImageDataStoreSpy.swift */,
			);
			path = Helpers;
			sourceTree = "<group>";
		};
		6F5A36BE2677348700C09FB4 = {
			isa = PBXGroup;
			children = (
				6F00F6722694D5C4001145CE /* EssentialFeed */,
				6F5A36D52677348700C09FB4 /* EssentialFeedTests */,
				6F00F6512694C3B7001145CE /* EssentialFeedAPIEndToEndTests */,
				6FC4E4CD276C72AD00911AC6 /* EssentialFeedCacheIntegrationTests */,
				6F68A62F27BA69DD0016F054 /* EssentialFeediOS */,
				6F68A63927BA69DD0016F054 /* EssentialFeediOSTests */,
				6F5A36C92677348700C09FB4 /* Products */,
				6F68A64527BA83860016F054 /* Frameworks */,
			);
			sourceTree = "<group>";
		};
		6F5A36C92677348700C09FB4 /* Products */ = {
			isa = PBXGroup;
			children = (
				6F5A36C82677348700C09FB4 /* EssentialFeed.framework */,
				6F5A36D12677348700C09FB4 /* EssentialFeedTests.xctest */,
				6F00F6502694C3B7001145CE /* EssentialFeedAPIEndToEndTests.xctest */,
				6FC4E4CC276C72AD00911AC6 /* EssentialFeedCacheIntegrationTests.xctest */,
				6F68A62E27BA69DD0016F054 /* EssentialFeediOS.framework */,
				6F68A63527BA69DD0016F054 /* EssentialFeediOSTests.xctest */,
			);
			name = Products;
			sourceTree = "<group>";
		};
		6F5A36D52677348700C09FB4 /* EssentialFeedTests */ = {
			isa = PBXGroup;
			children = (
				6FCCEA51268EC73400475290 /* Helpers */,
				6FBE803426B1928B0077FF4B /* Feed Cache */,
				6F77CC7A267CDC8600CB0527 /* Feed API */,
				6FEF9AAA27EC5ED1004603FC /* Feed Presentation */,
				6F5A36D82677348700C09FB4 /* Info.plist */,
			);
			path = EssentialFeedTests;
			sourceTree = "<group>";
		};
		6F68A62F27BA69DD0016F054 /* EssentialFeediOS */ = {
			isa = PBXGroup;
			children = (
				6F68A67E27BCDC300016F054 /* Feed UI */,
			);
			path = EssentialFeediOS;
			sourceTree = "<group>";
		};
		6F68A63927BA69DD0016F054 /* EssentialFeediOSTests */ = {
			isa = PBXGroup;
			children = (
				6F68A66827BCD7F00016F054 /* Helpers */,
				6F68A67F27BCDC790016F054 /* Feed UI */,
			);
			path = EssentialFeediOSTests;
			sourceTree = "<group>";
		};
		6F68A64527BA83860016F054 /* Frameworks */ = {
			isa = PBXGroup;
			children = (
			);
			name = Frameworks;
			sourceTree = "<group>";
		};
		6F68A66827BCD7F00016F054 /* Helpers */ = {
			isa = PBXGroup;
			children = (
				6F68A64B27BA84780016F054 /* XCTestCase+MemoryLeakTracking.swift */,
				6F68A66927BCD8070016F054 /* UIImage+TestHelpers.swift */,
				6F68A66B27BCD8710016F054 /* UIRefreshControl+TestHelpers.swift */,
				6F68A66D27BCD8AC0016F054 /* UIButton+TestHelpers.swift */,
				6F68A66F27BCD8F40016F054 /* UIControl+TestHelpers.swift */,
			);
			path = Helpers;
			sourceTree = "<group>";
		};
		6F68A67127BCD96F0016F054 /* Controllers */ = {
			isa = PBXGroup;
			children = (
				6F68A64D27BA8E440016F054 /* FeedViewController.swift */,
				6F68A68527BCE47B0016F054 /* FeedImageCellController.swift */,
			);
			path = Controllers;
			sourceTree = "<group>";
		};
		6F68A67227BCD97B0016F054 /* Views */ = {
			isa = PBXGroup;
			children = (
				6FEF9AAF27EC6B76004603FC /* Helpers */,
				6F68A64F27BAAB570016F054 /* FeedImageCell.swift */,
				6FEF9AAD27EC67E6004603FC /* ErrorView.swift */,
				6F73FBC327C4C50000A7C58B /* Feed.storyboard */,
				6F73FBC527C4C50F00A7C58B /* Feed.xcassets */,
			);
			path = Views;
			sourceTree = "<group>";
		};
		6F68A67527BCDA0C0016F054 /* Helpers */ = {
			isa = PBXGroup;
			children = (
				6F68A67627BCDA310016F054 /* FeedViewController+TestHelpers.swift */,
				6F68A67827BCDA9B0016F054 /* FeedImageCell+TestHelpers.swift */,
				6F68A67A27BCDB2E0016F054 /* FeedViewControllerTests+LoaderSpy.swift */,
				6F68A67C27BCDBA30016F054 /* FeedViewControllerTests+Assertions.swift */,
				6F73FBD627C78B9200A7C58B /* FeedViewControllerTests+Localization.swift */,
			);
			path = Helpers;
			sourceTree = "<group>";
		};
		6F68A67E27BCDC300016F054 /* Feed UI */ = {
			isa = PBXGroup;
			children = (
				6F68A68727BCE8D30016F054 /* Composers */,
				6F68A67127BCD96F0016F054 /* Controllers */,
				6F68A67227BCD97B0016F054 /* Views */,
			);
			path = "Feed UI";
			sourceTree = "<group>";
		};
		6F68A67F27BCDC790016F054 /* Feed UI */ = {
			isa = PBXGroup;
			children = (
				6F68A67527BCDA0C0016F054 /* Helpers */,
				6F68A64327BA81090016F054 /* FeedUIIntegrationTests.swift */,
			);
			path = "Feed UI";
			sourceTree = "<group>";
		};
		6F68A68727BCE8D30016F054 /* Composers */ = {
			isa = PBXGroup;
			children = (
				6F68A68827BCE8E00016F054 /* FeedUIComposer.swift */,
				6F73FBDF27C7B0A300A7C58B /* MainQueueDispatchDecorator.swift */,
				6F73FBE127C7B0E600A7C58B /* WeakRefVirtualProxy.swift */,
				6F73FBE327C7B13600A7C58B /* FeedImageDataLoaderPresentationAdapter.swift */,
				6F73FBE527C7B21600A7C58B /* FeedLoaderPresentaionAdapter.swift */,
				6F73FBE727C7B27700A7C58B /* FeedViewAdapter.swift */,
			);
			path = Composers;
			sourceTree = "<group>";
		};
		6F77CC7A267CDC8600CB0527 /* Feed API */ = {
			isa = PBXGroup;
			children = (
				F85D972327F74F9F00745478 /* Helpers */,
				6FE1F38D268D794700898E7D /* URLSessionHTTPClientTests.swift */,
				6F5A36F426773A0500C09FB4 /* LoadFeedFromRemoteUseCaseTests.swift */,
				F85D972127F72B2300745478 /* LoadFeedImageDataFromRemoteUseCaseTests.swift */,
			);
			path = "Feed API";
			sourceTree = "<group>";
		};
		6FBE803426B1928B0077FF4B /* Feed Cache */ = {
			isa = PBXGroup;
			children = (
				6FC4E49E276A2C2000911AC6 /* FeedStoreSpecs */,
				6F444A3426BA7365001D48D3 /* Helpers */,
				6FBE803526B192A50077FF4B /* CacheFeedUseCaseTests.swift */,
				6F444A2F26BA71DD001D48D3 /* LoadFeedUseCaseFromCacheTests.swift */,
				6F444A4726BBC7E7001D48D3 /* ValidateFeedCacheUseCaseTests.swift */,
				6FC4E4A3276B1D3800911AC6 /* CoreDataFeedStoreTests.swift */,
				E51C620B280948C500601D26 /* LocalFeedImageDataFromCacheUseCaseTests.swift */,
			);
			path = "Feed Cache";
			sourceTree = "<group>";
		};
		6FC4E49E276A2C2000911AC6 /* FeedStoreSpecs */ = {
			isa = PBXGroup;
			children = (
				6FC4E485276A20B700911AC6 /* FeedStoreSpecs.swift */,
				6FC4E48A276A228E00911AC6 /* XCTestCase+FeedStoreSpecs.swift */,
				6FC4E48F276A29E300911AC6 /* XCTestCase+FailableRetrieveFeedStoreSpecs.swift */,
				6FC4E494276A2ADF00911AC6 /* XCTestCase+FailableInsertFeedStoreSpecs.swift */,
				6FC4E499276A2B8900911AC6 /* XCTestCase+FailableDeleteFeedStoreSpecs.swift */,
			);
			path = FeedStoreSpecs;
			sourceTree = "<group>";
		};
		6FC4E4B3276B47B600911AC6 /* Infrastructure */ = {
			isa = PBXGroup;
			children = (
				6FC4E4B4276B47F800911AC6 /* CoreData */,
			);
			path = Infrastructure;
			sourceTree = "<group>";
		};
		6FC4E4B4276B47F800911AC6 /* CoreData */ = {
			isa = PBXGroup;
			children = (
				6FC4E4A8276B1DC200911AC6 /* CoreDataFeedStore.swift */,
				6FC4E4AD276B20A200911AC6 /* FeedStore.xcdatamodeld */,
				6FC4E4B9276B485000911AC6 /* CoreDataHelpers.swift */,
				6FC4E4BE276B48E500911AC6 /* ManagedCache.swift */,
				6FC4E4C3276B48F200911AC6 /* ManagedFeedImage.swift */,
			);
			path = CoreData;
			sourceTree = "<group>";
		};
		6FC4E4CD276C72AD00911AC6 /* EssentialFeedCacheIntegrationTests */ = {
			isa = PBXGroup;
			children = (
				6FC4E4CE276C72AD00911AC6 /* EssentialFeedCacheIntegrationTests.swift */,
				6FC4E4D0276C72AD00911AC6 /* Info.plist */,
			);
			path = EssentialFeedCacheIntegrationTests;
			sourceTree = "<group>";
		};
		6FCCEA51268EC73400475290 /* Helpers */ = {
			isa = PBXGroup;
			children = (
				6FCCEA52268EC76800475290 /* XCTestCase+MemoryLeakTracking.swift */,
				6F444A5126BBF37F001D48D3 /* SharedTestHelper.swift */,
			);
			path = Helpers;
			sourceTree = "<group>";
		};
		6FEF9AAA27EC5ED1004603FC /* Feed Presentation */ = {
			isa = PBXGroup;
			children = (
				6FEF9AAB27EC5F3E004603FC /* FeedPresenterTests.swift */,
				6F73FBDD27C78DB100A7C58B /* FeedLocalizationTests.swift */,
				6FEF9AC527EC98C7004603FC /* FeedImagePresenterTests.swift */,
			);
			path = "Feed Presentation";
			sourceTree = "<group>";
		};
		6FEF9AAF27EC6B76004603FC /* Helpers */ = {
			isa = PBXGroup;
			children = (
				6F68A65127BB85CE0016F054 /* UIView+Shimmering.swift */,
				6F73FBC727C4DE2D00A7C58B /* UITableView+Dequeueing.swift */,
				6F73FBC927C4E0E600A7C58B /* UIImageView+Animations.swift */,
				6FEF9AB227EC6C29004603FC /* UIRefreshControl+Helpers.swift */,
			);
			path = Helpers;
			sourceTree = "<group>";
		};
		6FEF9ABA27EC7A53004603FC /* Feed Presentation */ = {
			isa = PBXGroup;
			children = (
				6FEF9ABB27EC7A68004603FC /* FeedPresenter.swift */,
				6FEF9ABE27EC9600004603FC /* FeedViewModel.swift */,
				6FEF9AC027EC9687004603FC /* FeedLoadingViewModel.swift */,
				6FEF9AC227EC96B8004603FC /* FeedErrorViewModel.swift */,
				6FEF9AC727ECA2E3004603FC /* FeedImagePresenter.swift */,
				6FEF9AC927ECA356004603FC /* FeedImageViewModel.swift */,
				6FEF9AB827EC74D1004603FC /* Feed.strings */,
			);
			path = "Feed Presentation";
			sourceTree = "<group>";
		};
		F85D972327F74F9F00745478 /* Helpers */ = {
			isa = PBXGroup;
			children = (
				F85D972427F74FAF00745478 /* HTTPClientSpy.swift */,
				F85D972B27F84AAB00745478 /* URLProtocolStub.swift */,
			);
			path = Helpers;
			sourceTree = "<group>";
		};
		F85D972827F8481100745478 /* Helpers */ = {
			isa = PBXGroup;
			children = (
				F85D972927F8481700745478 /* HTTPURLResponse+StatusCode.swift */,
			);
			path = Helpers;
			sourceTree = "<group>";
		};
/* End PBXGroup section */

/* Begin PBXHeadersBuildPhase section */
		6F5A36C32677348700C09FB4 /* Headers */ = {
			isa = PBXHeadersBuildPhase;
			buildActionMask = 2147483647;
			files = (
			);
			runOnlyForDeploymentPostprocessing = 0;
		};
		6F68A62927BA69DD0016F054 /* Headers */ = {
			isa = PBXHeadersBuildPhase;
			buildActionMask = 2147483647;
			files = (
			);
			runOnlyForDeploymentPostprocessing = 0;
		};
/* End PBXHeadersBuildPhase section */

/* Begin PBXNativeTarget section */
		6F00F64F2694C3B7001145CE /* EssentialFeedAPIEndToEndTests */ = {
			isa = PBXNativeTarget;
			buildConfigurationList = 6F00F65A2694C3B7001145CE /* Build configuration list for PBXNativeTarget "EssentialFeedAPIEndToEndTests" */;
			buildPhases = (
				6F00F64C2694C3B7001145CE /* Sources */,
				6F00F64D2694C3B7001145CE /* Frameworks */,
				6F00F64E2694C3B7001145CE /* Resources */,
			);
			buildRules = (
			);
			dependencies = (
				6F00F6572694C3B7001145CE /* PBXTargetDependency */,
			);
			name = EssentialFeedAPIEndToEndTests;
			productName = EssentialFeedAPIEndToEndTests;
			productReference = 6F00F6502694C3B7001145CE /* EssentialFeedAPIEndToEndTests.xctest */;
			productType = "com.apple.product-type.bundle.unit-test";
		};
		6F5A36C72677348700C09FB4 /* EssentialFeed */ = {
			isa = PBXNativeTarget;
			buildConfigurationList = 6F5A36DC2677348700C09FB4 /* Build configuration list for PBXNativeTarget "EssentialFeed" */;
			buildPhases = (
				6F5A36C32677348700C09FB4 /* Headers */,
				6F5A36C42677348700C09FB4 /* Sources */,
				6F5A36C52677348700C09FB4 /* Frameworks */,
				6F5A36C62677348700C09FB4 /* Resources */,
			);
			buildRules = (
			);
			dependencies = (
			);
			name = EssentialFeed;
			productName = EssentialFeed;
			productReference = 6F5A36C82677348700C09FB4 /* EssentialFeed.framework */;
			productType = "com.apple.product-type.framework";
		};
		6F5A36D02677348700C09FB4 /* EssentialFeedTests */ = {
			isa = PBXNativeTarget;
			buildConfigurationList = 6F5A36DF2677348700C09FB4 /* Build configuration list for PBXNativeTarget "EssentialFeedTests" */;
			buildPhases = (
				6F5A36CD2677348700C09FB4 /* Sources */,
				6F5A36CE2677348700C09FB4 /* Frameworks */,
				6F5A36CF2677348700C09FB4 /* Resources */,
			);
			buildRules = (
			);
			dependencies = (
				6F5A36D42677348700C09FB4 /* PBXTargetDependency */,
			);
			name = EssentialFeedTests;
			productName = EssentialFeedTests;
			productReference = 6F5A36D12677348700C09FB4 /* EssentialFeedTests.xctest */;
			productType = "com.apple.product-type.bundle.unit-test";
		};
		6F68A62D27BA69DD0016F054 /* EssentialFeediOS */ = {
			isa = PBXNativeTarget;
			buildConfigurationList = 6F68A63D27BA69DD0016F054 /* Build configuration list for PBXNativeTarget "EssentialFeediOS" */;
			buildPhases = (
				6F68A62927BA69DD0016F054 /* Headers */,
				6F68A62A27BA69DD0016F054 /* Sources */,
				6F68A62B27BA69DD0016F054 /* Frameworks */,
				6F68A62C27BA69DD0016F054 /* Resources */,
				6F68A64A27BA83860016F054 /* Embed Frameworks */,
			);
			buildRules = (
			);
			dependencies = (
				6F68A64927BA83860016F054 /* PBXTargetDependency */,
			);
			name = EssentialFeediOS;
			productName = EssentialFeediOS;
			productReference = 6F68A62E27BA69DD0016F054 /* EssentialFeediOS.framework */;
			productType = "com.apple.product-type.framework";
		};
		6F68A63427BA69DD0016F054 /* EssentialFeediOSTests */ = {
			isa = PBXNativeTarget;
			buildConfigurationList = 6F68A64027BA69DD0016F054 /* Build configuration list for PBXNativeTarget "EssentialFeediOSTests" */;
			buildPhases = (
				6F68A63127BA69DD0016F054 /* Sources */,
				6F68A63227BA69DD0016F054 /* Frameworks */,
				6F68A63327BA69DD0016F054 /* Resources */,
			);
			buildRules = (
			);
			dependencies = (
				6F68A63827BA69DD0016F054 /* PBXTargetDependency */,
			);
			name = EssentialFeediOSTests;
			productName = EssentialFeediOSTests;
			productReference = 6F68A63527BA69DD0016F054 /* EssentialFeediOSTests.xctest */;
			productType = "com.apple.product-type.bundle.unit-test";
		};
		6FC4E4CB276C72AD00911AC6 /* EssentialFeedCacheIntegrationTests */ = {
			isa = PBXNativeTarget;
			buildConfigurationList = 6FC4E4D4276C72AD00911AC6 /* Build configuration list for PBXNativeTarget "EssentialFeedCacheIntegrationTests" */;
			buildPhases = (
				6FC4E4C8276C72AD00911AC6 /* Sources */,
				6FC4E4C9276C72AD00911AC6 /* Frameworks */,
				6FC4E4CA276C72AD00911AC6 /* Resources */,
			);
			buildRules = (
			);
			dependencies = (
				6FC4E4D3276C72AD00911AC6 /* PBXTargetDependency */,
			);
			name = EssentialFeedCacheIntegrationTests;
			productName = EssentialFeedCacheIntegrationTests;
			productReference = 6FC4E4CC276C72AD00911AC6 /* EssentialFeedCacheIntegrationTests.xctest */;
			productType = "com.apple.product-type.bundle.unit-test";
		};
/* End PBXNativeTarget section */

/* Begin PBXProject section */
		6F5A36BF2677348700C09FB4 /* Project object */ = {
			isa = PBXProject;
			attributes = {
				LastSwiftUpdateCheck = 1320;
				LastUpgradeCheck = 1210;
				TargetAttributes = {
					6F00F64F2694C3B7001145CE = {
						CreatedOnToolsVersion = 12.1;
					};
					6F5A36C72677348700C09FB4 = {
						CreatedOnToolsVersion = 12.1;
						LastSwiftMigration = 1210;
					};
					6F5A36D02677348700C09FB4 = {
						CreatedOnToolsVersion = 12.1;
						LastSwiftMigration = 1210;
					};
					6F68A62D27BA69DD0016F054 = {
						CreatedOnToolsVersion = 13.2.1;
						LastSwiftMigration = 1320;
					};
					6F68A63427BA69DD0016F054 = {
						CreatedOnToolsVersion = 13.2.1;
						LastSwiftMigration = 1320;
					};
					6FC4E4CB276C72AD00911AC6 = {
						CreatedOnToolsVersion = 12.1;
					};
				};
			};
			buildConfigurationList = 6F5A36C22677348700C09FB4 /* Build configuration list for PBXProject "EssentialFeed" */;
			compatibilityVersion = "Xcode 9.3";
			developmentRegion = en;
			hasScannedForEncodings = 0;
			knownRegions = (
				en,
				Base,
				ru,
			);
			mainGroup = 6F5A36BE2677348700C09FB4;
			productRefGroup = 6F5A36C92677348700C09FB4 /* Products */;
			projectDirPath = "";
			projectRoot = "";
			targets = (
				6F5A36C72677348700C09FB4 /* EssentialFeed */,
				6F5A36D02677348700C09FB4 /* EssentialFeedTests */,
				6F00F64F2694C3B7001145CE /* EssentialFeedAPIEndToEndTests */,
				6FC4E4CB276C72AD00911AC6 /* EssentialFeedCacheIntegrationTests */,
				6F68A62D27BA69DD0016F054 /* EssentialFeediOS */,
				6F68A63427BA69DD0016F054 /* EssentialFeediOSTests */,
			);
		};
/* End PBXProject section */

/* Begin PBXResourcesBuildPhase section */
		6F00F64E2694C3B7001145CE /* Resources */ = {
			isa = PBXResourcesBuildPhase;
			buildActionMask = 2147483647;
			files = (
			);
			runOnlyForDeploymentPostprocessing = 0;
		};
		6F5A36C62677348700C09FB4 /* Resources */ = {
			isa = PBXResourcesBuildPhase;
			buildActionMask = 2147483647;
			files = (
				6FEF9ABD27EC7B37004603FC /* Feed.strings in Resources */,
			);
			runOnlyForDeploymentPostprocessing = 0;
		};
		6F5A36CF2677348700C09FB4 /* Resources */ = {
			isa = PBXResourcesBuildPhase;
			buildActionMask = 2147483647;
			files = (
			);
			runOnlyForDeploymentPostprocessing = 0;
		};
		6F68A62C27BA69DD0016F054 /* Resources */ = {
			isa = PBXResourcesBuildPhase;
			buildActionMask = 2147483647;
			files = (
				6F73FBC427C4C50000A7C58B /* Feed.storyboard in Resources */,
				6F73FBC627C4C50F00A7C58B /* Feed.xcassets in Resources */,
			);
			runOnlyForDeploymentPostprocessing = 0;
		};
		6F68A63327BA69DD0016F054 /* Resources */ = {
			isa = PBXResourcesBuildPhase;
			buildActionMask = 2147483647;
			files = (
			);
			runOnlyForDeploymentPostprocessing = 0;
		};
		6FC4E4CA276C72AD00911AC6 /* Resources */ = {
			isa = PBXResourcesBuildPhase;
			buildActionMask = 2147483647;
			files = (
			);
			runOnlyForDeploymentPostprocessing = 0;
		};
/* End PBXResourcesBuildPhase section */

/* Begin PBXSourcesBuildPhase section */
		6F00F64C2694C3B7001145CE /* Sources */ = {
			isa = PBXSourcesBuildPhase;
			buildActionMask = 2147483647;
			files = (
				6F00F6532694C3B7001145CE /* EssentialFeedAPIEndToEndTests.swift in Sources */,
				6F00F65E2694C89B001145CE /* XCTestCase+MemoryLeakTracking.swift in Sources */,
			);
			runOnlyForDeploymentPostprocessing = 0;
		};
		6F5A36C42677348700C09FB4 /* Sources */ = {
			isa = PBXSourcesBuildPhase;
			buildActionMask = 2147483647;
			files = (
				6FC4E4BA276B485000911AC6 /* CoreDataHelpers.swift in Sources */,
				6F00F67E2694D5C4001145CE /* RemoteFeedLoader.swift in Sources */,
				6F00F67D2694D5C4001145CE /* FeedItemsMapper.swift in Sources */,
				6F444A2326B2D175001D48D3 /* RemoteFeedItem.swift in Sources */,
				6FEF9ACA27ECA356004603FC /* FeedImageViewModel.swift in Sources */,
				6F444A5726BC028E001D48D3 /* FeedCachePolicy.swift in Sources */,
				F85D972727F8431600745478 /* RemoteFeedImageDataLoader.swift in Sources */,
				6F00F6802694D5C4001145CE /* FeedItem.swift in Sources */,
				6FC4E4AF276B20A200911AC6 /* FeedStore.xcdatamodeld in Sources */,
				6F444A2826B2D183001D48D3 /* LocalFeedImage.swift in Sources */,
				6FEF9ABF27EC9600004603FC /* FeedViewModel.swift in Sources */,
				6F444A1E26B2C26C001D48D3 /* FeedStore.swift in Sources */,
				6F444A1626B2C20D001D48D3 /* LocalFeedLoader.swift in Sources */,
				6F00F67C2694D5C4001145CE /* HTTPClient.swift in Sources */,
				6F00F67F2694D5C4001145CE /* FeedLoader.swift in Sources */,
				E51C620E2809536500601D26 /* FeedImageDataStore.swift in Sources */,
				6FEF9ABC27EC7A68004603FC /* FeedPresenter.swift in Sources */,
				6F00F67B2694D5C4001145CE /* URLSessionHTTPClient.swift in Sources */,
				F85D972A27F8481700745478 /* HTTPURLResponse+StatusCode.swift in Sources */,
				6FC4E4BF276B48E500911AC6 /* ManagedCache.swift in Sources */,
				6FC4E4A9276B1DC200911AC6 /* CoreDataFeedStore.swift in Sources */,
				6FEF9AC327EC96B8004603FC /* FeedErrorViewModel.swift in Sources */,
				F85D972027F72ACC00745478 /* FeedImageDataLoader.swift in Sources */,
				6FEF9AC127EC9687004603FC /* FeedLoadingViewModel.swift in Sources */,
				E51C62102809537B00601D26 /* LocalFeedImageDataLoader.swift in Sources */,
				6FEF9AC827ECA2E3004603FC /* FeedImagePresenter.swift in Sources */,
				6FC4E4C4276B48F200911AC6 /* ManagedFeedImage.swift in Sources */,
			);
			runOnlyForDeploymentPostprocessing = 0;
		};
		6F5A36CD2677348700C09FB4 /* Sources */ = {
			isa = PBXSourcesBuildPhase;
			buildActionMask = 2147483647;
			files = (
				E51C620C280948C500601D26 /* LocalFeedImageDataFromCacheUseCaseTests.swift in Sources */,
				6F444A4826BBC7E7001D48D3 /* ValidateFeedCacheUseCaseTests.swift in Sources */,
				F85D972C27F84AAB00745478 /* URLProtocolStub.swift in Sources */,
				6F5A36F526773A0500C09FB4 /* LoadFeedFromRemoteUseCaseTests.swift in Sources */,
				6FEF9AAC27EC5F3E004603FC /* FeedPresenterTests.swift in Sources */,
				F85D972227F72B2300745478 /* LoadFeedImageDataFromRemoteUseCaseTests.swift in Sources */,
				6F444A5226BBF37F001D48D3 /* SharedTestHelper.swift in Sources */,
				6FEF9AC627EC98C7004603FC /* FeedImagePresenterTests.swift in Sources */,
				6FC4E495276A2ADF00911AC6 /* XCTestCase+FailableInsertFeedStoreSpecs.swift in Sources */,
				6FEF9AC427EC97D4004603FC /* FeedLocalizationTests.swift in Sources */,
				6FE1F38E268D794700898E7D /* URLSessionHTTPClientTests.swift in Sources */,
				F85D972527F74FAF00745478 /* HTTPClientSpy.swift in Sources */,
				6F444A3626BA7372001D48D3 /* FeedStoreSpy.swift in Sources */,
				6F444A4D26BBDEDF001D48D3 /* FeedCacheTestHelper.swift in Sources */,
				6FBE803626B192A50077FF4B /* CacheFeedUseCaseTests.swift in Sources */,
				E51C62122809677200601D26 /* FeedImageDataStoreSpy.swift in Sources */,
				6FC4E49A276A2B8900911AC6 /* XCTestCase+FailableDeleteFeedStoreSpecs.swift in Sources */,
				6FC4E490276A29E300911AC6 /* XCTestCase+FailableRetrieveFeedStoreSpecs.swift in Sources */,
				6F444A3026BA71DD001D48D3 /* LoadFeedUseCaseFromCacheTests.swift in Sources */,
				6FC4E486276A20B700911AC6 /* FeedStoreSpecs.swift in Sources */,
				6FCCEA53268EC76800475290 /* XCTestCase+MemoryLeakTracking.swift in Sources */,
				6FC4E4A4276B1D3800911AC6 /* CoreDataFeedStoreTests.swift in Sources */,
				6FC4E48B276A228E00911AC6 /* XCTestCase+FeedStoreSpecs.swift in Sources */,
			);
			runOnlyForDeploymentPostprocessing = 0;
		};
		6F68A62A27BA69DD0016F054 /* Sources */ = {
			isa = PBXSourcesBuildPhase;
			buildActionMask = 2147483647;
			files = (
				6FEF9AAE27EC67E6004603FC /* ErrorView.swift in Sources */,
				6FEF9AB327EC6C29004603FC /* UIRefreshControl+Helpers.swift in Sources */,
				6F73FBC827C4DE2D00A7C58B /* UITableView+Dequeueing.swift in Sources */,
				6F68A65227BB85CE0016F054 /* UIView+Shimmering.swift in Sources */,
				6F73FBE227C7B0E600A7C58B /* WeakRefVirtualProxy.swift in Sources */,
				6F73FBCA27C4E0E600A7C58B /* UIImageView+Animations.swift in Sources */,
				6F73FBE027C7B0A300A7C58B /* MainQueueDispatchDecorator.swift in Sources */,
				6F73FBE627C7B21600A7C58B /* FeedLoaderPresentaionAdapter.swift in Sources */,
				6F68A64E27BA8E440016F054 /* FeedViewController.swift in Sources */,
				6F68A65027BAAB570016F054 /* FeedImageCell.swift in Sources */,
				6F73FBE427C7B13600A7C58B /* FeedImageDataLoaderPresentationAdapter.swift in Sources */,
				6F68A68627BCE47B0016F054 /* FeedImageCellController.swift in Sources */,
				6F73FBE827C7B27700A7C58B /* FeedViewAdapter.swift in Sources */,
				6F68A68927BCE8E00016F054 /* FeedUIComposer.swift in Sources */,
			);
			runOnlyForDeploymentPostprocessing = 0;
		};
		6F68A63127BA69DD0016F054 /* Sources */ = {
			isa = PBXSourcesBuildPhase;
			buildActionMask = 2147483647;
			files = (
				6F68A64427BA81090016F054 /* FeedUIIntegrationTests.swift in Sources */,
				6F68A67D27BCDBA30016F054 /* FeedViewControllerTests+Assertions.swift in Sources */,
				6F68A66E27BCD8AC0016F054 /* UIButton+TestHelpers.swift in Sources */,
				6F68A64C27BA84780016F054 /* XCTestCase+MemoryLeakTracking.swift in Sources */,
				6F68A67027BCD8F40016F054 /* UIControl+TestHelpers.swift in Sources */,
				6F68A67B27BCDB2E0016F054 /* FeedViewControllerTests+LoaderSpy.swift in Sources */,
				6F68A67727BCDA310016F054 /* FeedViewController+TestHelpers.swift in Sources */,
				6F68A66A27BCD8070016F054 /* UIImage+TestHelpers.swift in Sources */,
				6F68A66C27BCD8710016F054 /* UIRefreshControl+TestHelpers.swift in Sources */,
				6F68A67927BCDA9B0016F054 /* FeedImageCell+TestHelpers.swift in Sources */,
				6F73FBD727C78B9200A7C58B /* FeedViewControllerTests+Localization.swift in Sources */,
			);
			runOnlyForDeploymentPostprocessing = 0;
		};
		6FC4E4C8276C72AD00911AC6 /* Sources */ = {
			isa = PBXSourcesBuildPhase;
			buildActionMask = 2147483647;
			files = (
				6FC4E4E5276C75E400911AC6 /* FeedCacheTestHelper.swift in Sources */,
				6FC4E4CF276C72AD00911AC6 /* EssentialFeedCacheIntegrationTests.swift in Sources */,
				6FC4E4DB276C73C600911AC6 /* XCTestCase+MemoryLeakTracking.swift in Sources */,
				6FC4E4E0276C73CB00911AC6 /* SharedTestHelper.swift in Sources */,
			);
			runOnlyForDeploymentPostprocessing = 0;
		};
/* End PBXSourcesBuildPhase section */

/* Begin PBXTargetDependency section */
		6F00F6572694C3B7001145CE /* PBXTargetDependency */ = {
			isa = PBXTargetDependency;
			target = 6F5A36C72677348700C09FB4 /* EssentialFeed */;
			targetProxy = 6F00F6562694C3B7001145CE /* PBXContainerItemProxy */;
		};
		6F5A36D42677348700C09FB4 /* PBXTargetDependency */ = {
			isa = PBXTargetDependency;
			target = 6F5A36C72677348700C09FB4 /* EssentialFeed */;
			targetProxy = 6F5A36D32677348700C09FB4 /* PBXContainerItemProxy */;
		};
		6F68A63827BA69DD0016F054 /* PBXTargetDependency */ = {
			isa = PBXTargetDependency;
			target = 6F68A62D27BA69DD0016F054 /* EssentialFeediOS */;
			targetProxy = 6F68A63727BA69DD0016F054 /* PBXContainerItemProxy */;
		};
		6F68A64927BA83860016F054 /* PBXTargetDependency */ = {
			isa = PBXTargetDependency;
			platformFilter = ios;
			target = 6F5A36C72677348700C09FB4 /* EssentialFeed */;
			targetProxy = 6F68A64827BA83860016F054 /* PBXContainerItemProxy */;
		};
		6FC4E4D3276C72AD00911AC6 /* PBXTargetDependency */ = {
			isa = PBXTargetDependency;
			target = 6F5A36C72677348700C09FB4 /* EssentialFeed */;
			targetProxy = 6FC4E4D2276C72AD00911AC6 /* PBXContainerItemProxy */;
		};
/* End PBXTargetDependency section */

/* Begin PBXVariantGroup section */
		6FEF9AB827EC74D1004603FC /* Feed.strings */ = {
			isa = PBXVariantGroup;
			children = (
				6FEF9AB727EC74D1004603FC /* en */,
				6FEF9AB927EC74D6004603FC /* ru */,
			);
			name = Feed.strings;
			sourceTree = "<group>";
		};
/* End PBXVariantGroup section */

/* Begin XCBuildConfiguration section */
		6F00F6582694C3B7001145CE /* Debug */ = {
			isa = XCBuildConfiguration;
			buildSettings = {
				ALWAYS_EMBED_SWIFT_STANDARD_LIBRARIES = YES;
				CODE_SIGN_STYLE = Automatic;
				COMBINE_HIDPI_IMAGES = YES;
				INFOPLIST_FILE = EssentialFeedAPIEndToEndTests/Info.plist;
				LD_RUNPATH_SEARCH_PATHS = (
					"$(inherited)",
					"@executable_path/../Frameworks",
					"@loader_path/../Frameworks",
				);
				PRODUCT_BUNDLE_IDENTIFIER = com.beraylik.EssentialFeedAPIEndToEndTests;
				PRODUCT_NAME = "$(TARGET_NAME)";
				SUPPORTED_PLATFORMS = "macosx iphoneos iphonesimulator";
				SWIFT_VERSION = 5.0;
			};
			name = Debug;
		};
		6F00F6592694C3B7001145CE /* Release */ = {
			isa = XCBuildConfiguration;
			buildSettings = {
				ALWAYS_EMBED_SWIFT_STANDARD_LIBRARIES = YES;
				CODE_SIGN_STYLE = Automatic;
				COMBINE_HIDPI_IMAGES = YES;
				INFOPLIST_FILE = EssentialFeedAPIEndToEndTests/Info.plist;
				LD_RUNPATH_SEARCH_PATHS = (
					"$(inherited)",
					"@executable_path/../Frameworks",
					"@loader_path/../Frameworks",
				);
				PRODUCT_BUNDLE_IDENTIFIER = com.beraylik.EssentialFeedAPIEndToEndTests;
				PRODUCT_NAME = "$(TARGET_NAME)";
				SUPPORTED_PLATFORMS = "macosx iphoneos iphonesimulator";
				SWIFT_VERSION = 5.0;
			};
			name = Release;
		};
		6F5A36DA2677348700C09FB4 /* Debug */ = {
			isa = XCBuildConfiguration;
			buildSettings = {
				ALWAYS_SEARCH_USER_PATHS = NO;
				CLANG_ANALYZER_LOCALIZABILITY_NONLOCALIZED = YES;
				CLANG_ANALYZER_NONNULL = YES;
				CLANG_ANALYZER_NUMBER_OBJECT_CONVERSION = YES_AGGRESSIVE;
				CLANG_CXX_LANGUAGE_STANDARD = "gnu++14";
				CLANG_CXX_LIBRARY = "libc++";
				CLANG_ENABLE_MODULES = YES;
				CLANG_ENABLE_OBJC_ARC = YES;
				CLANG_ENABLE_OBJC_WEAK = YES;
				CLANG_WARN_BLOCK_CAPTURE_AUTORELEASING = YES;
				CLANG_WARN_BOOL_CONVERSION = YES;
				CLANG_WARN_COMMA = YES;
				CLANG_WARN_CONSTANT_CONVERSION = YES;
				CLANG_WARN_DEPRECATED_OBJC_IMPLEMENTATIONS = YES;
				CLANG_WARN_DIRECT_OBJC_ISA_USAGE = YES_ERROR;
				CLANG_WARN_DOCUMENTATION_COMMENTS = YES;
				CLANG_WARN_EMPTY_BODY = YES;
				CLANG_WARN_ENUM_CONVERSION = YES;
				CLANG_WARN_INFINITE_RECURSION = YES;
				CLANG_WARN_INT_CONVERSION = YES;
				CLANG_WARN_NON_LITERAL_NULL_CONVERSION = YES;
				CLANG_WARN_OBJC_IMPLICIT_RETAIN_SELF = YES;
				CLANG_WARN_OBJC_LITERAL_CONVERSION = YES;
				CLANG_WARN_OBJC_ROOT_CLASS = YES_ERROR;
				CLANG_WARN_QUOTED_INCLUDE_IN_FRAMEWORK_HEADER = YES;
				CLANG_WARN_RANGE_LOOP_ANALYSIS = YES;
				CLANG_WARN_STRICT_PROTOTYPES = YES;
				CLANG_WARN_SUSPICIOUS_MOVE = YES;
				CLANG_WARN_UNGUARDED_AVAILABILITY = YES_AGGRESSIVE;
				CLANG_WARN_UNREACHABLE_CODE = YES;
				CLANG_WARN__DUPLICATE_METHOD_MATCH = YES;
				COPY_PHASE_STRIP = NO;
				CURRENT_PROJECT_VERSION = 1;
				DEBUG_INFORMATION_FORMAT = dwarf;
				ENABLE_STRICT_OBJC_MSGSEND = YES;
				ENABLE_TESTABILITY = YES;
				GCC_C_LANGUAGE_STANDARD = gnu11;
				GCC_DYNAMIC_NO_PIC = NO;
				GCC_NO_COMMON_BLOCKS = YES;
				GCC_OPTIMIZATION_LEVEL = 0;
				GCC_PREPROCESSOR_DEFINITIONS = (
					"DEBUG=1",
					"$(inherited)",
				);
				GCC_WARN_64_TO_32_BIT_CONVERSION = YES;
				GCC_WARN_ABOUT_RETURN_TYPE = YES_ERROR;
				GCC_WARN_UNDECLARED_SELECTOR = YES;
				GCC_WARN_UNINITIALIZED_AUTOS = YES_AGGRESSIVE;
				GCC_WARN_UNUSED_FUNCTION = YES;
				GCC_WARN_UNUSED_VARIABLE = YES;
				IPHONEOS_DEPLOYMENT_TARGET = 15.0;
				MACOSX_DEPLOYMENT_TARGET = 11.0;
				MTL_ENABLE_DEBUG_INFO = INCLUDE_SOURCE;
				MTL_FAST_MATH = YES;
				ONLY_ACTIVE_ARCH = YES;
				SDKROOT = macosx;
				SWIFT_ACTIVE_COMPILATION_CONDITIONS = DEBUG;
				SWIFT_OPTIMIZATION_LEVEL = "-Onone";
				VERSIONING_SYSTEM = "apple-generic";
				VERSION_INFO_PREFIX = "";
			};
			name = Debug;
		};
		6F5A36DB2677348700C09FB4 /* Release */ = {
			isa = XCBuildConfiguration;
			buildSettings = {
				ALWAYS_SEARCH_USER_PATHS = NO;
				CLANG_ANALYZER_LOCALIZABILITY_NONLOCALIZED = YES;
				CLANG_ANALYZER_NONNULL = YES;
				CLANG_ANALYZER_NUMBER_OBJECT_CONVERSION = YES_AGGRESSIVE;
				CLANG_CXX_LANGUAGE_STANDARD = "gnu++14";
				CLANG_CXX_LIBRARY = "libc++";
				CLANG_ENABLE_MODULES = YES;
				CLANG_ENABLE_OBJC_ARC = YES;
				CLANG_ENABLE_OBJC_WEAK = YES;
				CLANG_WARN_BLOCK_CAPTURE_AUTORELEASING = YES;
				CLANG_WARN_BOOL_CONVERSION = YES;
				CLANG_WARN_COMMA = YES;
				CLANG_WARN_CONSTANT_CONVERSION = YES;
				CLANG_WARN_DEPRECATED_OBJC_IMPLEMENTATIONS = YES;
				CLANG_WARN_DIRECT_OBJC_ISA_USAGE = YES_ERROR;
				CLANG_WARN_DOCUMENTATION_COMMENTS = YES;
				CLANG_WARN_EMPTY_BODY = YES;
				CLANG_WARN_ENUM_CONVERSION = YES;
				CLANG_WARN_INFINITE_RECURSION = YES;
				CLANG_WARN_INT_CONVERSION = YES;
				CLANG_WARN_NON_LITERAL_NULL_CONVERSION = YES;
				CLANG_WARN_OBJC_IMPLICIT_RETAIN_SELF = YES;
				CLANG_WARN_OBJC_LITERAL_CONVERSION = YES;
				CLANG_WARN_OBJC_ROOT_CLASS = YES_ERROR;
				CLANG_WARN_QUOTED_INCLUDE_IN_FRAMEWORK_HEADER = YES;
				CLANG_WARN_RANGE_LOOP_ANALYSIS = YES;
				CLANG_WARN_STRICT_PROTOTYPES = YES;
				CLANG_WARN_SUSPICIOUS_MOVE = YES;
				CLANG_WARN_UNGUARDED_AVAILABILITY = YES_AGGRESSIVE;
				CLANG_WARN_UNREACHABLE_CODE = YES;
				CLANG_WARN__DUPLICATE_METHOD_MATCH = YES;
				COPY_PHASE_STRIP = NO;
				CURRENT_PROJECT_VERSION = 1;
				DEBUG_INFORMATION_FORMAT = "dwarf-with-dsym";
				ENABLE_NS_ASSERTIONS = NO;
				ENABLE_STRICT_OBJC_MSGSEND = YES;
				GCC_C_LANGUAGE_STANDARD = gnu11;
				GCC_NO_COMMON_BLOCKS = YES;
				GCC_WARN_64_TO_32_BIT_CONVERSION = YES;
				GCC_WARN_ABOUT_RETURN_TYPE = YES_ERROR;
				GCC_WARN_UNDECLARED_SELECTOR = YES;
				GCC_WARN_UNINITIALIZED_AUTOS = YES_AGGRESSIVE;
				GCC_WARN_UNUSED_FUNCTION = YES;
				GCC_WARN_UNUSED_VARIABLE = YES;
				IPHONEOS_DEPLOYMENT_TARGET = 15.0;
				MACOSX_DEPLOYMENT_TARGET = 11.0;
				MTL_ENABLE_DEBUG_INFO = NO;
				MTL_FAST_MATH = YES;
				SDKROOT = macosx;
				SWIFT_COMPILATION_MODE = wholemodule;
				SWIFT_OPTIMIZATION_LEVEL = "-O";
				VERSIONING_SYSTEM = "apple-generic";
				VERSION_INFO_PREFIX = "";
			};
			name = Release;
		};
		6F5A36DD2677348700C09FB4 /* Debug */ = {
			isa = XCBuildConfiguration;
			buildSettings = {
				CLANG_ENABLE_MODULES = YES;
				CODE_SIGN_STYLE = Automatic;
				COMBINE_HIDPI_IMAGES = YES;
				DEFINES_MODULE = YES;
				DYLIB_COMPATIBILITY_VERSION = 1;
				DYLIB_CURRENT_VERSION = 1;
				DYLIB_INSTALL_NAME_BASE = "@rpath";
				INFOPLIST_FILE = Info.plist;
				INSTALL_PATH = "$(LOCAL_LIBRARY_DIR)/Frameworks";
				LD_RUNPATH_SEARCH_PATHS = (
					"$(inherited)",
					"@executable_path/../Frameworks",
					"@loader_path/Frameworks",
				);
				PRODUCT_BUNDLE_IDENTIFIER = com.beraylik.EssentialFeed;
				PRODUCT_NAME = "$(TARGET_NAME:c99extidentifier)";
				SKIP_INSTALL = YES;
				SUPPORTED_PLATFORMS = "macosx iphonesimulator iphoneos";
				SWIFT_OPTIMIZATION_LEVEL = "-Onone";
				SWIFT_VERSION = 5.0;
			};
			name = Debug;
		};
		6F5A36DE2677348700C09FB4 /* Release */ = {
			isa = XCBuildConfiguration;
			buildSettings = {
				CLANG_ENABLE_MODULES = YES;
				CODE_SIGN_STYLE = Automatic;
				COMBINE_HIDPI_IMAGES = YES;
				DEFINES_MODULE = YES;
				DYLIB_COMPATIBILITY_VERSION = 1;
				DYLIB_CURRENT_VERSION = 1;
				DYLIB_INSTALL_NAME_BASE = "@rpath";
				INFOPLIST_FILE = Info.plist;
				INSTALL_PATH = "$(LOCAL_LIBRARY_DIR)/Frameworks";
				LD_RUNPATH_SEARCH_PATHS = (
					"$(inherited)",
					"@executable_path/../Frameworks",
					"@loader_path/Frameworks",
				);
				PRODUCT_BUNDLE_IDENTIFIER = com.beraylik.EssentialFeed;
				PRODUCT_NAME = "$(TARGET_NAME:c99extidentifier)";
				SKIP_INSTALL = YES;
				SUPPORTED_PLATFORMS = "macosx iphonesimulator iphoneos";
				SWIFT_VERSION = 5.0;
			};
			name = Release;
		};
		6F5A36E02677348700C09FB4 /* Debug */ = {
			isa = XCBuildConfiguration;
			buildSettings = {
				ALWAYS_EMBED_SWIFT_STANDARD_LIBRARIES = YES;
				CLANG_ENABLE_MODULES = YES;
				CODE_SIGN_STYLE = Automatic;
				COMBINE_HIDPI_IMAGES = YES;
				INFOPLIST_FILE = EssentialFeedTests/Info.plist;
				LD_RUNPATH_SEARCH_PATHS = (
					"$(inherited)",
					"@executable_path/../Frameworks",
					"@loader_path/../Frameworks",
				);
				PRODUCT_BUNDLE_IDENTIFIER = com.beraylik.EssentialFeedTests;
				PRODUCT_NAME = "$(TARGET_NAME)";
				SUPPORTED_PLATFORMS = "macosx iphoneos iphonesimulator";
				SWIFT_OPTIMIZATION_LEVEL = "-Onone";
				SWIFT_VERSION = 5.0;
			};
			name = Debug;
		};
		6F5A36E12677348700C09FB4 /* Release */ = {
			isa = XCBuildConfiguration;
			buildSettings = {
				ALWAYS_EMBED_SWIFT_STANDARD_LIBRARIES = YES;
				CLANG_ENABLE_MODULES = YES;
				CODE_SIGN_STYLE = Automatic;
				COMBINE_HIDPI_IMAGES = YES;
				INFOPLIST_FILE = EssentialFeedTests/Info.plist;
				LD_RUNPATH_SEARCH_PATHS = (
					"$(inherited)",
					"@executable_path/../Frameworks",
					"@loader_path/../Frameworks",
				);
				PRODUCT_BUNDLE_IDENTIFIER = com.beraylik.EssentialFeedTests;
				PRODUCT_NAME = "$(TARGET_NAME)";
				SUPPORTED_PLATFORMS = "macosx iphoneos iphonesimulator";
				SWIFT_VERSION = 5.0;
			};
			name = Release;
		};
		6F68A63E27BA69DD0016F054 /* Debug */ = {
			isa = XCBuildConfiguration;
			buildSettings = {
				CLANG_CXX_LANGUAGE_STANDARD = "gnu++17";
				CLANG_ENABLE_MODULES = YES;
				CODE_SIGN_STYLE = Automatic;
				CURRENT_PROJECT_VERSION = 1;
				DEFINES_MODULE = YES;
				DYLIB_COMPATIBILITY_VERSION = 1;
				DYLIB_CURRENT_VERSION = 1;
				DYLIB_INSTALL_NAME_BASE = "@rpath";
				GENERATE_INFOPLIST_FILE = YES;
				INFOPLIST_KEY_NSHumanReadableCopyright = "";
				INSTALL_PATH = "$(LOCAL_LIBRARY_DIR)/Frameworks";
				IPHONEOS_DEPLOYMENT_TARGET = 15.0;
				LD_RUNPATH_SEARCH_PATHS = (
					"$(inherited)",
					"@executable_path/Frameworks",
					"@loader_path/Frameworks",
				);
				MARKETING_VERSION = 1.0;
				PRODUCT_BUNDLE_IDENTIFIER = com.beraylik.EssentialFeediOS;
				PRODUCT_NAME = "$(TARGET_NAME:c99extidentifier)";
				SDKROOT = iphoneos;
				SKIP_INSTALL = YES;
				SUPPORTS_MACCATALYST = NO;
				SWIFT_EMIT_LOC_STRINGS = YES;
				SWIFT_OPTIMIZATION_LEVEL = "-Onone";
				SWIFT_VERSION = 5.0;
				TARGETED_DEVICE_FAMILY = "1,2";
			};
			name = Debug;
		};
		6F68A63F27BA69DD0016F054 /* Release */ = {
			isa = XCBuildConfiguration;
			buildSettings = {
				CLANG_CXX_LANGUAGE_STANDARD = "gnu++17";
				CLANG_ENABLE_MODULES = YES;
				CODE_SIGN_STYLE = Automatic;
				CURRENT_PROJECT_VERSION = 1;
				DEFINES_MODULE = YES;
				DYLIB_COMPATIBILITY_VERSION = 1;
				DYLIB_CURRENT_VERSION = 1;
				DYLIB_INSTALL_NAME_BASE = "@rpath";
				GENERATE_INFOPLIST_FILE = YES;
				INFOPLIST_KEY_NSHumanReadableCopyright = "";
				INSTALL_PATH = "$(LOCAL_LIBRARY_DIR)/Frameworks";
				IPHONEOS_DEPLOYMENT_TARGET = 15.0;
				LD_RUNPATH_SEARCH_PATHS = (
					"$(inherited)",
					"@executable_path/Frameworks",
					"@loader_path/Frameworks",
				);
				MARKETING_VERSION = 1.0;
				PRODUCT_BUNDLE_IDENTIFIER = com.beraylik.EssentialFeediOS;
				PRODUCT_NAME = "$(TARGET_NAME:c99extidentifier)";
				SDKROOT = iphoneos;
				SKIP_INSTALL = YES;
				SUPPORTS_MACCATALYST = NO;
				SWIFT_EMIT_LOC_STRINGS = YES;
				SWIFT_VERSION = 5.0;
				TARGETED_DEVICE_FAMILY = "1,2";
				VALIDATE_PRODUCT = YES;
			};
			name = Release;
		};
		6F68A64127BA69DD0016F054 /* Debug */ = {
			isa = XCBuildConfiguration;
			buildSettings = {
				ALWAYS_EMBED_SWIFT_STANDARD_LIBRARIES = YES;
				CLANG_CXX_LANGUAGE_STANDARD = "gnu++17";
				CLANG_ENABLE_MODULES = YES;
				CODE_SIGN_STYLE = Automatic;
				CURRENT_PROJECT_VERSION = 1;
				GENERATE_INFOPLIST_FILE = YES;
				IPHONEOS_DEPLOYMENT_TARGET = 15.0;
				LD_RUNPATH_SEARCH_PATHS = (
					"$(inherited)",
					"@executable_path/Frameworks",
					"@loader_path/Frameworks",
				);
				MARKETING_VERSION = 1.0;
				PRODUCT_BUNDLE_IDENTIFIER = com.beraylik.EssentialFeediOSTests;
				PRODUCT_NAME = "$(TARGET_NAME)";
				SDKROOT = iphoneos;
				SWIFT_EMIT_LOC_STRINGS = NO;
				SWIFT_OPTIMIZATION_LEVEL = "-Onone";
				SWIFT_VERSION = 5.0;
				TARGETED_DEVICE_FAMILY = "1,2";
			};
			name = Debug;
		};
		6F68A64227BA69DD0016F054 /* Release */ = {
			isa = XCBuildConfiguration;
			buildSettings = {
				ALWAYS_EMBED_SWIFT_STANDARD_LIBRARIES = YES;
				CLANG_CXX_LANGUAGE_STANDARD = "gnu++17";
				CLANG_ENABLE_MODULES = YES;
				CODE_SIGN_STYLE = Automatic;
				CURRENT_PROJECT_VERSION = 1;
				GENERATE_INFOPLIST_FILE = YES;
				IPHONEOS_DEPLOYMENT_TARGET = 15.0;
				LD_RUNPATH_SEARCH_PATHS = (
					"$(inherited)",
					"@executable_path/Frameworks",
					"@loader_path/Frameworks",
				);
				MARKETING_VERSION = 1.0;
				PRODUCT_BUNDLE_IDENTIFIER = com.beraylik.EssentialFeediOSTests;
				PRODUCT_NAME = "$(TARGET_NAME)";
				SDKROOT = iphoneos;
				SWIFT_EMIT_LOC_STRINGS = NO;
				SWIFT_VERSION = 5.0;
				TARGETED_DEVICE_FAMILY = "1,2";
				VALIDATE_PRODUCT = YES;
			};
			name = Release;
		};
		6FC4E4D5276C72AD00911AC6 /* Debug */ = {
			isa = XCBuildConfiguration;
			buildSettings = {
				CODE_SIGN_STYLE = Automatic;
				COMBINE_HIDPI_IMAGES = YES;
				INFOPLIST_FILE = EssentialFeedCacheIntegrationTests/Info.plist;
				LD_RUNPATH_SEARCH_PATHS = (
					"$(inherited)",
					"@executable_path/../Frameworks",
					"@loader_path/../Frameworks",
				);
				PRODUCT_BUNDLE_IDENTIFIER = com.beraylik.EssentialFeedCacheIntegrationTests;
				PRODUCT_NAME = "$(TARGET_NAME)";
				SUPPORTED_PLATFORMS = "macosx iphoneos iphonesimulator";
				SWIFT_VERSION = 5.0;
			};
			name = Debug;
		};
		6FC4E4D6276C72AD00911AC6 /* Release */ = {
			isa = XCBuildConfiguration;
			buildSettings = {
				CODE_SIGN_STYLE = Automatic;
				COMBINE_HIDPI_IMAGES = YES;
				INFOPLIST_FILE = EssentialFeedCacheIntegrationTests/Info.plist;
				LD_RUNPATH_SEARCH_PATHS = (
					"$(inherited)",
					"@executable_path/../Frameworks",
					"@loader_path/../Frameworks",
				);
				PRODUCT_BUNDLE_IDENTIFIER = com.beraylik.EssentialFeedCacheIntegrationTests;
				PRODUCT_NAME = "$(TARGET_NAME)";
				SUPPORTED_PLATFORMS = "macosx iphoneos iphonesimulator";
				SWIFT_VERSION = 5.0;
			};
			name = Release;
		};
/* End XCBuildConfiguration section */

/* Begin XCConfigurationList section */
		6F00F65A2694C3B7001145CE /* Build configuration list for PBXNativeTarget "EssentialFeedAPIEndToEndTests" */ = {
			isa = XCConfigurationList;
			buildConfigurations = (
				6F00F6582694C3B7001145CE /* Debug */,
				6F00F6592694C3B7001145CE /* Release */,
			);
			defaultConfigurationIsVisible = 0;
			defaultConfigurationName = Release;
		};
		6F5A36C22677348700C09FB4 /* Build configuration list for PBXProject "EssentialFeed" */ = {
			isa = XCConfigurationList;
			buildConfigurations = (
				6F5A36DA2677348700C09FB4 /* Debug */,
				6F5A36DB2677348700C09FB4 /* Release */,
			);
			defaultConfigurationIsVisible = 0;
			defaultConfigurationName = Release;
		};
		6F5A36DC2677348700C09FB4 /* Build configuration list for PBXNativeTarget "EssentialFeed" */ = {
			isa = XCConfigurationList;
			buildConfigurations = (
				6F5A36DD2677348700C09FB4 /* Debug */,
				6F5A36DE2677348700C09FB4 /* Release */,
			);
			defaultConfigurationIsVisible = 0;
			defaultConfigurationName = Release;
		};
		6F5A36DF2677348700C09FB4 /* Build configuration list for PBXNativeTarget "EssentialFeedTests" */ = {
			isa = XCConfigurationList;
			buildConfigurations = (
				6F5A36E02677348700C09FB4 /* Debug */,
				6F5A36E12677348700C09FB4 /* Release */,
			);
			defaultConfigurationIsVisible = 0;
			defaultConfigurationName = Release;
		};
		6F68A63D27BA69DD0016F054 /* Build configuration list for PBXNativeTarget "EssentialFeediOS" */ = {
			isa = XCConfigurationList;
			buildConfigurations = (
				6F68A63E27BA69DD0016F054 /* Debug */,
				6F68A63F27BA69DD0016F054 /* Release */,
			);
			defaultConfigurationIsVisible = 0;
			defaultConfigurationName = Release;
		};
		6F68A64027BA69DD0016F054 /* Build configuration list for PBXNativeTarget "EssentialFeediOSTests" */ = {
			isa = XCConfigurationList;
			buildConfigurations = (
				6F68A64127BA69DD0016F054 /* Debug */,
				6F68A64227BA69DD0016F054 /* Release */,
			);
			defaultConfigurationIsVisible = 0;
			defaultConfigurationName = Release;
		};
		6FC4E4D4276C72AD00911AC6 /* Build configuration list for PBXNativeTarget "EssentialFeedCacheIntegrationTests" */ = {
			isa = XCConfigurationList;
			buildConfigurations = (
				6FC4E4D5276C72AD00911AC6 /* Debug */,
				6FC4E4D6276C72AD00911AC6 /* Release */,
			);
			defaultConfigurationIsVisible = 0;
			defaultConfigurationName = Release;
		};
/* End XCConfigurationList section */

/* Begin XCVersionGroup section */
		6FC4E4AD276B20A200911AC6 /* FeedStore.xcdatamodeld */ = {
			isa = XCVersionGroup;
			children = (
				6FC4E4AE276B20A200911AC6 /* FeedStore.xcdatamodel */,
			);
			currentVersion = 6FC4E4AE276B20A200911AC6 /* FeedStore.xcdatamodel */;
			path = FeedStore.xcdatamodeld;
			sourceTree = "<group>";
			versionGroupType = wrapper.xcdatamodel;
		};
/* End XCVersionGroup section */
	};
	rootObject = 6F5A36BF2677348700C09FB4 /* Project object */;
}
